
Microsoft Visual Studio Solution File, Format Version 11.00
# Visual Studio 2010
Project("{FAE04EC0-301F-11D3-BF4B-00C04F79EFBC}") = "Intergraph.AsiaPac.Data", "Cobos.Data\Intergraph.AsiaPac.Data.csproj", "{ED48CB71-2A19-45D7-B388-8CC6517B4A0E}"
EndProject
Project("{FAE04EC0-301F-11D3-BF4B-00C04F79EFBC}") = "Intergraph.AsiaPac.Utilities", "Cobos.Utilities\Intergraph.AsiaPac.Utilities.csproj", "{20C43162-F078-40C1-94E0-0A79CB32CA9A}"
EndProject
Project("{FAE04EC0-301F-11D3-BF4B-00C04F79EFBC}") = "Intergraph.AsiaPac.Web.Utilities", "Cobos.Web.Utilities\Intergraph.AsiaPac.Web.Utilities.csproj", "{5E0CE00F-0932-4F6B-9D88-AA0645D74324}"
EndProject
Project("{2150E333-8FDC-42A3-9474-1A3956D46DE8}") = "Installer", "Installer", "{E1977A65-A7D4-4F02-AC3C-E8656218718D}"
EndProject
Project("{54435603-DBB4-11D2-8724-00A0C9A8B90C}") = "Cobos.Core.SDK", "Installer\Cobos.Core.SDK\Cobos.Core.SDK.vdproj", "{2FE4D2E6-4428-4CBB-92AB-09176BE15EE4}"
	ProjectSection(ProjectDependencies) = postProject
		{5E0CE00F-0932-4F6B-9D88-AA0645D74324} = {5E0CE00F-0932-4F6B-9D88-AA0645D74324}
		{3E75163B-131A-4D6F-856E-211504B14A68} = {3E75163B-131A-4D6F-856E-211504B14A68}
		{20C43162-F078-40C1-94E0-0A79CB32CA9A} = {20C43162-F078-40C1-94E0-0A79CB32CA9A}
		{ED48CB71-2A19-45D7-B388-8CC6517B4A0E} = {ED48CB71-2A19-45D7-B388-8CC6517B4A0E}
	EndProjectSection
EndProject
Project("{FAE04EC0-301F-11D3-BF4B-00C04F79EFBC}") = "Cobos.DatabaseToXsd", "Cobos.DatabaseToXsd\Cobos.DatabaseToXsd.csproj", "{3E75163B-131A-4D6F-856E-211504B14A68}"
EndProject
Project("{2150E333-8FDC-42A3-9474-1A3956D46DE8}") = "Cobos", "Cobos", "{7A473CF9-5AE2-43AE-AF46-6033735740DD}"
EndProject
Project("{FAE04EC0-301F-11D3-BF4B-00C04F79EFBC}") = "Cobos.Data", "Cobos.Data\Cobos.Data.csproj", "{6906B107-C149-4682-AF7B-FEF9F697FE36}"
EndProject
Project("{FAE04EC0-301F-11D3-BF4B-00C04F79EFBC}") = "Cobos.Utilities", "Cobos.Utilities\Cobos.Utilities.csproj", "{5EC3C9B9-DAE8-481C-8495-2A0A737D87A3}"
EndProject
Global
	GlobalSection(SolutionConfigurationPlatforms) = preSolution
		Debug|Any CPU = Debug|Any CPU
		Debug|Mixed Platforms = Debug|Mixed Platforms
		Debug|x86 = Debug|x86
		Release|Any CPU = Release|Any CPU
		Release|Mixed Platforms = Release|Mixed Platforms
		Release|x86 = Release|x86
	EndGlobalSection
	GlobalSection(ProjectConfigurationPlatforms) = postSolution
		{ED48CB71-2A19-45D7-B388-8CC6517B4A0E}.Debug|Any CPU.ActiveCfg = Debug|Any CPU
		{ED48CB71-2A19-45D7-B388-8CC6517B4A0E}.Debug|Any CPU.Build.0 = Debug|Any CPU
		{ED48CB71-2A19-45D7-B388-8CC6517B4A0E}.Debug|Mixed Platforms.ActiveCfg = Debug|Any CPU
		{ED48CB71-2A19-45D7-B388-8CC6517B4A0E}.Debug|Mixed Platforms.Build.0 = Debug|Any CPU
		{ED48CB71-2A19-45D7-B388-8CC6517B4A0E}.Debug|x86.ActiveCfg = Debug|Any CPU
		{ED48CB71-2A19-45D7-B388-8CC6517B4A0E}.Release|Any CPU.ActiveCfg = Release|Any CPU
		{ED48CB71-2A19-45D7-B388-8CC6517B4A0E}.Release|Any CPU.Build.0 = Release|Any CPU
		{ED48CB71-2A19-45D7-B388-8CC6517B4A0E}.Release|Mixed Platforms.ActiveCfg = Release|Any CPU
		{ED48CB71-2A19-45D7-B388-8CC6517B4A0E}.Release|Mixed Platforms.Build.0 = Release|Any CPU
		{ED48CB71-2A19-45D7-B388-8CC6517B4A0E}.Release|x86.ActiveCfg = Release|Any CPU
		{20C43162-F078-40C1-94E0-0A79CB32CA9A}.Debug|Any CPU.ActiveCfg = Debug|Any CPU
		{20C43162-F078-40C1-94E0-0A79CB32CA9A}.Debug|Any CPU.Build.0 = Debug|Any CPU
		{20C43162-F078-40C1-94E0-0A79CB32CA9A}.Debug|Mixed Platforms.ActiveCfg = Debug|Any CPU
		{20C43162-F078-40C1-94E0-0A79CB32CA9A}.Debug|Mixed Platforms.Build.0 = Debug|Any CPU
		{20C43162-F078-40C1-94E0-0A79CB32CA9A}.Debug|x86.ActiveCfg = Debug|Any CPU
		{20C43162-F078-40C1-94E0-0A79CB32CA9A}.Release|Any CPU.ActiveCfg = Release|Any CPU
		{20C43162-F078-40C1-94E0-0A79CB32CA9A}.Release|Any CPU.Build.0 = Release|Any CPU
		{20C43162-F078-40C1-94E0-0A79CB32CA9A}.Release|Mixed Platforms.ActiveCfg = Release|Any CPU
		{20C43162-F078-40C1-94E0-0A79CB32CA9A}.Release|Mixed Platforms.Build.0 = Release|Any CPU
		{20C43162-F078-40C1-94E0-0A79CB32CA9A}.Release|x86.ActiveCfg = Release|Any CPU
		{5E0CE00F-0932-4F6B-9D88-AA0645D74324}.Debug|Any CPU.ActiveCfg = Debug|Any CPU
		{5E0CE00F-0932-4F6B-9D88-AA0645D74324}.Debug|Any CPU.Build.0 = Debug|Any CPU
		{5E0CE00F-0932-4F6B-9D88-AA0645D74324}.Debug|Mixed Platforms.ActiveCfg = Debug|Any CPU
		{5E0CE00F-0932-4F6B-9D88-AA0645D74324}.Debug|Mixed Platforms.Build.0 = Debug|Any CPU
		{5E0CE00F-0932-4F6B-9D88-AA0645D74324}.Debug|x86.ActiveCfg = Debug|Any CPU
		{5E0CE00F-0932-4F6B-9D88-AA0645D74324}.Release|Any CPU.ActiveCfg = Release|Any CPU
		{5E0CE00F-0932-4F6B-9D88-AA0645D74324}.Release|Any CPU.Build.0 = Release|Any CPU
		{5E0CE00F-0932-4F6B-9D88-AA0645D74324}.Release|Mixed Platforms.ActiveCfg = Release|Any CPU
		{5E0CE00F-0932-4F6B-9D88-AA0645D74324}.Release|Mixed Platforms.Build.0 = Release|Any CPU
		{5E0CE00F-0932-4F6B-9D88-AA0645D74324}.Release|x86.ActiveCfg = Release|Any CPU
		{2FE4D2E6-4428-4CBB-92AB-09176BE15EE4}.Debug|Any CPU.ActiveCfg = Debug
		{2FE4D2E6-4428-4CBB-92AB-09176BE15EE4}.Debug|Mixed Platforms.ActiveCfg = Debug
		{2FE4D2E6-4428-4CBB-92AB-09176BE15EE4}.Debug|x86.ActiveCfg = Debug
		{2FE4D2E6-4428-4CBB-92AB-09176BE15EE4}.Debug|x86.Build.0 = Debug
		{2FE4D2E6-4428-4CBB-92AB-09176BE15EE4}.Release|Any CPU.ActiveCfg = Release
		{2FE4D2E6-4428-4CBB-92AB-09176BE15EE4}.Release|Any CPU.Build.0 = Release
		{2FE4D2E6-4428-4CBB-92AB-09176BE15EE4}.Release|Mixed Platforms.ActiveCfg = Release
		{2FE4D2E6-4428-4CBB-92AB-09176BE15EE4}.Release|Mixed Platforms.Build.0 = Release
		{2FE4D2E6-4428-4CBB-92AB-09176BE15EE4}.Release|x86.ActiveCfg = Release
		{2FE4D2E6-4428-4CBB-92AB-09176BE15EE4}.Release|x86.Build.0 = Release
		{3E75163B-131A-4D6F-856E-211504B14A68}.Debug|Any CPU.ActiveCfg = Debug|x86
		{3E75163B-131A-4D6F-856E-211504B14A68}.Debug|Mixed Platforms.ActiveCfg = Debug|x86
		{3E75163B-131A-4D6F-856E-211504B14A68}.Debug|Mixed Platforms.Build.0 = Debug|x86
		{3E75163B-131A-4D6F-856E-211504B14A68}.Debug|x86.ActiveCfg = Debug|x86
		{3E75163B-131A-4D6F-856E-211504B14A68}.Debug|x86.Build.0 = Debug|x86
		{3E75163B-131A-4D6F-856E-211504B14A68}.Release|Any CPU.ActiveCfg = Release|x86
		{3E75163B-131A-4D6F-856E-211504B14A68}.Release|Mixed Platforms.ActiveCfg = Release|x86
		{3E75163B-131A-4D6F-856E-211504B14A68}.Release|Mixed Platforms.Build.0 = Release|x86
		{3E75163B-131A-4D6F-856E-211504B14A68}.Release|x86.ActiveCfg = Release|x86
		{3E75163B-131A-4D6F-856E-211504B14A68}.Release|x86.Build.0 = Release|x86
		{6906B107-C149-4682-AF7B-FEF9F697FE36}.Debug|Any CPU.ActiveCfg = Debug|Any CPU
		{6906B107-C149-4682-AF7B-FEF9F697FE36}.Debug|Any CPU.Build.0 = Debug|Any CPU
		{6906B107-C149-4682-AF7B-FEF9F697FE36}.Debug|Mixed Platforms.ActiveCfg = Debug|Any CPU
		{6906B107-C149-4682-AF7B-FEF9F697FE36}.Debug|Mixed Platforms.Build.0 = Debug|Any CPU
		{6906B107-C149-4682-AF7B-FEF9F697FE36}.Debug|x86.ActiveCfg = Debug|Any CPU
		{6906B107-C149-4682-AF7B-FEF9F697FE36}.Release|Any CPU.ActiveCfg = Release|Any CPU
		{6906B107-C149-4682-AF7B-FEF9F697FE36}.Release|Any CPU.Build.0 = Release|Any CPU
		{6906B107-C149-4682-AF7B-FEF9F697FE36}.Release|Mixed Platforms.ActiveCfg = Release|Any CPU
		{6906B107-C149-4682-AF7B-FEF9F697FE36}.Release|Mixed Platforms.Build.0 = Release|Any CPU
		{6906B107-C149-4682-AF7B-FEF9F697FE36}.Release|x86.ActiveCfg = Release|Any CPU
		{5EC3C9B9-DAE8-481C-8495-2A0A737D87A3}.Debug|Any CPU.ActiveCfg = Debug|Any CPU
		{5EC3C9B9-DAE8-481C-8495-2A0A737D87A3}.Debug|Any CPU.Build.0 = Debug|Any CPU
		{5EC3C9B9-DAE8-481C-8495-2A0A737D87A3}.Debug|Mixed Platforms.ActiveCfg = Debug|Any CPU
		{5EC3C9B9-DAE8-481C-8495-2A0A737D87A3}.Debug|Mixed Platforms.Build.0 = Debug|Any CPU
		{5EC3C9B9-DAE8-481C-8495-2A0A737D87A3}.Debug|x86.ActiveCfg = Debug|Any CPU
		{5EC3C9B9-DAE8-481C-8495-2A0A737D87A3}.Release|Any CPU.ActiveCfg = Release|Any CPU
		{5EC3C9B9-DAE8-481C-8495-2A0A737D87A3}.Release|Any CPU.Build.0 = Release|Any CPU
		{5EC3C9B9-DAE8-481C-8495-2A0A737D87A3}.Release|Mixed Platforms.ActiveCfg = Release|Any CPU
		{5EC3C9B9-DAE8-481C-8495-2A0A737D87A3}.Release|Mixed Platforms.Build.0 = Release|Any CPU
		{5EC3C9B9-DAE8-481C-8495-2A0A737D87A3}.Release|x86.ActiveCfg = Release|Any CPU
	EndGlobalSection
	GlobalSection(SolutionProperties) = preSolution
		HideSolutionNode = FALSE
	EndGlobalSection
	GlobalSection(NestedProjects) = preSolution
		{2FE4D2E6-4428-4CBB-92AB-09176BE15EE4} = {E1977A65-A7D4-4F02-AC3C-E8656218718D}
		{3E75163B-131A-4D6F-856E-211504B14A68} = {7A473CF9-5AE2-43AE-AF46-6033735740DD}
		{6906B107-C149-4682-AF7B-FEF9F697FE36} = {7A473CF9-5AE2-43AE-AF46-6033735740DD}
		{5EC3C9B9-DAE8-481C-8495-2A0A737D87A3} = {7A473CF9-5AE2-43AE-AF46-6033735740DD}
	EndGlobalSection
EndGlobal
