
Microsoft Visual Studio Solution File, Format Version 12.00
# Visual Studio 2012
Project("{2150E333-8FDC-42A3-9474-1A3956D46DE8}") = "Cobos.Codegen", "Cobos.Codegen", "{F563C737-98D0-42B5-B2FF-CC9143347784}"
EndProject
Project("{2150E333-8FDC-42A3-9474-1A3956D46DE8}") = "Schemas", "Schemas", "{6EDA8BED-1F3E-4A58-ADDB-A4096FC394DD}"
	ProjectSection(SolutionItems) = preProject
		Cobos.Codegen\Schemas\DataModel.xsd = Cobos.Codegen\Schemas\DataModel.xsd
	EndProjectSection
EndProject
Project("{2150E333-8FDC-42A3-9474-1A3956D46DE8}") = "Stylesheets", "Stylesheets", "{734596B3-3329-4336-B41D-A0804C78B745}"
EndProject
Project("{2150E333-8FDC-42A3-9474-1A3956D46DE8}") = "DataModel", "DataModel", "{AA03B289-390E-4A38-93A7-B4E9856B769D}"
	ProjectSection(SolutionItems) = preProject
		Cobos.Codegen\Stylesheets\DataModel\Dataset.xslt = Cobos.Codegen\Stylesheets\DataModel\Dataset.xslt
		Cobos.Codegen\Stylesheets\DataModel\Process.xslt = Cobos.Codegen\Stylesheets\DataModel\Process.xslt
		Cobos.Codegen\Stylesheets\DataModel\Schema.xslt = Cobos.Codegen\Stylesheets\DataModel\Schema.xslt
	EndProjectSection
EndProject
Project("{2150E333-8FDC-42A3-9474-1A3956D46DE8}") = "Database", "Database", "{431A7087-1C7A-4C5E-8619-3FE737D0C75C}"
	ProjectSection(SolutionItems) = preProject
		Cobos.Codegen\Stylesheets\Database\DatabaseSchema.xslt = Cobos.Codegen\Stylesheets\Database\DatabaseSchema.xslt
		Cobos.Codegen\Stylesheets\Database\DatabaseVariables.xslt = Cobos.Codegen\Stylesheets\Database\DatabaseVariables.xslt
	EndProjectSection
EndProject
Project("{2150E333-8FDC-42A3-9474-1A3956D46DE8}") = "MSBuild", "MSBuild", "{B7F60FFC-70E9-419C-A7E9-055458CA5BBB}"
	ProjectSection(SolutionItems) = preProject
		Cobos.Codegen\MSBuild\cobos.codegen.net35.targets = Cobos.Codegen\MSBuild\cobos.codegen.net35.targets
		Cobos.Codegen\MSBuild\cobos.codegen.net45.targets = Cobos.Codegen\MSBuild\cobos.codegen.net45.targets
		Cobos.Codegen\MSBuild\cobos.codegen.targets = Cobos.Codegen\MSBuild\cobos.codegen.targets
	EndProjectSection
EndProject
Project("{FAE04EC0-301F-11D3-BF4B-00C04F79EFBC}") = "Cobos.Utilities", "Cobos.Utilities\Cobos.Utilities.csproj", "{5EC3C9B9-DAE8-481C-8495-2A0A737D87A3}"
EndProject
Project("{FAE04EC0-301F-11D3-BF4B-00C04F79EFBC}") = "Cobos.Utilities.Tests", "Cobos.Utilities.Tests\Cobos.Utilities.Tests.csproj", "{891CDC60-F542-47A2-B3E7-F656AB9F4CD8}"
EndProject
Project("{FAE04EC0-301F-11D3-BF4B-00C04F79EFBC}") = "Cobos.Web.Utilities", "Cobos.Web.Utilities\Cobos.Web.Utilities.csproj", "{D5196DEE-1711-4AD3-97C8-5215BE26264C}"
EndProject
Project("{FAE04EC0-301F-11D3-BF4B-00C04F79EFBC}") = "Cobos.Data", "Cobos.Data\Cobos.Data.csproj", "{6906B107-C149-4682-AF7B-FEF9F697FE36}"
EndProject
Project("{FAE04EC0-301F-11D3-BF4B-00C04F79EFBC}") = "Cobos.Data.Tests", "Cobos.Data.Tests\Cobos.Data.Tests.csproj", "{45697D04-D665-448A-BB4B-939F8F3E66FF}"
EndProject
Project("{FAE04EC0-301F-11D3-BF4B-00C04F79EFBC}") = "Cobos.Codegen.Tests", "Cobos.Codegen.Tests\Cobos.Codegen.Tests.csproj", "{AB2BFBE4-62CE-4BB7-BC37-E3F8AAF789C0}"
EndProject
Project("{FAE04EC0-301F-11D3-BF4B-00C04F79EFBC}") = "Cobos.Data.MySql", "Cobos.Data.MySql\Cobos.Data.MySql.csproj", "{2F537275-3B9C-4914-B33E-E6AE6238F4B6}"
EndProject
Project("{FAE04EC0-301F-11D3-BF4B-00C04F79EFBC}") = "Cobos.Data.Oracle", "Cobos.Data.Oracle\Cobos.Data.Oracle.csproj", "{CFB3BE49-D78C-48D3-9238-A0DB2C2BA3A2}"
EndProject
Project("{FAE04EC0-301F-11D3-BF4B-00C04F79EFBC}") = "Cobos.Script", "Cobos.Script\Cobos.Script.csproj", "{03D50FFC-8DF1-4DB2-B653-DC4D2E66F623}"
EndProject
Project("{FAE04EC0-301F-11D3-BF4B-00C04F79EFBC}") = "Cobos.ScriptEngine", "Cobos.ScriptEngine\Cobos.ScriptEngine.csproj", "{3CA4CEBF-B176-4303-A018-9026A8C9B44C}"
EndProject
Project("{FAE04EC0-301F-11D3-BF4B-00C04F79EFBC}") = "Cobos.Script.Tests", "Cobos.Script.Tests\Cobos.Script.Tests.csproj", "{169B5112-DFA3-45F6-A8AD-AFA6F888D0B6}"
EndProject
Project("{FAE04EC0-301F-11D3-BF4B-00C04F79EFBC}") = "Cobos.Build.Targets", "Cobos.Build.Targets\Cobos.Build.Targets.csproj", "{1FC4F6FF-51BD-4FC2-8464-6CCF971F6ADC}"
EndProject
Project("{FAE04EC0-301F-11D3-BF4B-00C04F79EFBC}") = "Cobos.Build.Targets.Tests", "Cobos.Build.Targets.Tests\Cobos.Build.Targets.Tests.csproj", "{98F41521-D93D-4E57-9007-924F79AAF242}"
EndProject
Project("{FAE04EC0-301F-11D3-BF4B-00C04F79EFBC}") = "Cobos.Data.PostgreSql", "Cobos.Data.PostgreSql\Cobos.Data.PostgreSql.csproj", "{E669D37F-AECE-495D-9774-069DE66C1E70}"
EndProject
Project("{FAE04EC0-301F-11D3-BF4B-00C04F79EFBC}") = "Cobos.Data.SqlServer", "Cobos.Data.SqlServer\Cobos.Data.SqlServer.csproj", "{919D7FFF-19B3-4323-A84C-7F0345F314F5}"
EndProject
Project("{2150E333-8FDC-42A3-9474-1A3956D46DE8}") = "Utilities", "Utilities", "{E299B50E-6E19-4EB6-A3E7-C4A8B6A9B1F5}"
	ProjectSection(SolutionItems) = preProject
		Cobos.Codegen\Stylesheets\Utilities\Boilerplate.xslt = Cobos.Codegen\Stylesheets\Utilities\Boilerplate.xslt
		Cobos.Codegen\Stylesheets\Utilities\Formatting.xslt = Cobos.Codegen\Stylesheets\Utilities\Formatting.xslt
		Cobos.Codegen\Stylesheets\Utilities\Indent.xslt = Cobos.Codegen\Stylesheets\Utilities\Indent.xslt
		Cobos.Codegen\Stylesheets\Utilities\Names.xslt = Cobos.Codegen\Stylesheets\Utilities\Names.xslt
		Cobos.Codegen\Stylesheets\Utilities\Nodes.xslt = Cobos.Codegen\Stylesheets\Utilities\Nodes.xslt
		Cobos.Codegen\Stylesheets\Utilities\Strings.xslt = Cobos.Codegen\Stylesheets\Utilities\Strings.xslt
		Cobos.Codegen\Stylesheets\Utilities\Types.xslt = Cobos.Codegen\Stylesheets\Utilities\Types.xslt
		Cobos.Codegen\Stylesheets\Utilities\Utilities.inc = Cobos.Codegen\Stylesheets\Utilities\Utilities.inc
	EndProjectSection
EndProject
Project("{2150E333-8FDC-42A3-9474-1A3956D46DE8}") = "DataObject", "DataObject", "{6683CB7C-850A-45A9-A661-F1619C343C04}"
EndProject
Project("{2150E333-8FDC-42A3-9474-1A3956D46DE8}") = "DataAdapter", "DataAdapter", "{743A12FC-49B3-484E-B93F-1183BB773076}"
EndProject
Project("{2150E333-8FDC-42A3-9474-1A3956D46DE8}") = "Methods", "Methods", "{24D36217-A97A-444F-AA3E-D81A45F8D670}"
	ProjectSection(SolutionItems) = preProject
		Cobos.Codegen\Stylesheets\DataAdapter\CSharp\Methods\Changes.xslt = Cobos.Codegen\Stylesheets\DataAdapter\CSharp\Methods\Changes.xslt
		Cobos.Codegen\Stylesheets\DataAdapter\CSharp\Methods\Delegates.xslt = Cobos.Codegen\Stylesheets\DataAdapter\CSharp\Methods\Delegates.xslt
		Cobos.Codegen\Stylesheets\DataAdapter\CSharp\Methods\Delete.xslt = Cobos.Codegen\Stylesheets\DataAdapter\CSharp\Methods\Delete.xslt
		Cobos.Codegen\Stylesheets\DataAdapter\CSharp\Methods\Fill.xslt = Cobos.Codegen\Stylesheets\DataAdapter\CSharp\Methods\Fill.xslt
		Cobos.Codegen\Stylesheets\DataAdapter\CSharp\Methods\GetEntities.xslt = Cobos.Codegen\Stylesheets\DataAdapter\CSharp\Methods\GetEntities.xslt
		Cobos.Codegen\Stylesheets\DataAdapter\CSharp\Methods\Insert.xslt = Cobos.Codegen\Stylesheets\DataAdapter\CSharp\Methods\Insert.xslt
		Cobos.Codegen\Stylesheets\DataAdapter\CSharp\Methods\Methods.inc = Cobos.Codegen\Stylesheets\DataAdapter\CSharp\Methods\Methods.inc
		Cobos.Codegen\Stylesheets\DataAdapter\CSharp\Methods\New.xslt = Cobos.Codegen\Stylesheets\DataAdapter\CSharp\Methods\New.xslt
		Cobos.Codegen\Stylesheets\DataAdapter\CSharp\Methods\Update.xslt = Cobos.Codegen\Stylesheets\DataAdapter\CSharp\Methods\Update.xslt
	EndProjectSection
EndProject
Project("{2150E333-8FDC-42A3-9474-1A3956D46DE8}") = "Sql", "Sql", "{BF394EA6-FF03-4E82-8D52-F604D07C2808}"
	ProjectSection(SolutionItems) = preProject
		Cobos.Codegen\Stylesheets\DataAdapter\CSharp\Sql\Delete.xslt = Cobos.Codegen\Stylesheets\DataAdapter\CSharp\Sql\Delete.xslt
		Cobos.Codegen\Stylesheets\DataAdapter\CSharp\Sql\GroupBy.xslt = Cobos.Codegen\Stylesheets\DataAdapter\CSharp\Sql\GroupBy.xslt
		Cobos.Codegen\Stylesheets\DataAdapter\CSharp\Sql\Having.xslt = Cobos.Codegen\Stylesheets\DataAdapter\CSharp\Sql\Having.xslt
		Cobos.Codegen\Stylesheets\DataAdapter\CSharp\Sql\Insert.xslt = Cobos.Codegen\Stylesheets\DataAdapter\CSharp\Sql\Insert.xslt
		Cobos.Codegen\Stylesheets\DataAdapter\CSharp\Sql\Join.xslt = Cobos.Codegen\Stylesheets\DataAdapter\CSharp\Sql\Join.xslt
		Cobos.Codegen\Stylesheets\DataAdapter\CSharp\Sql\OrderBy.xslt = Cobos.Codegen\Stylesheets\DataAdapter\CSharp\Sql\OrderBy.xslt
		Cobos.Codegen\Stylesheets\DataAdapter\CSharp\Sql\Select.xslt = Cobos.Codegen\Stylesheets\DataAdapter\CSharp\Sql\Select.xslt
		Cobos.Codegen\Stylesheets\DataAdapter\CSharp\Sql\Sql.inc = Cobos.Codegen\Stylesheets\DataAdapter\CSharp\Sql\Sql.inc
		Cobos.Codegen\Stylesheets\DataAdapter\CSharp\Sql\Update.xslt = Cobos.Codegen\Stylesheets\DataAdapter\CSharp\Sql\Update.xslt
		Cobos.Codegen\Stylesheets\DataAdapter\CSharp\Sql\Values.xslt = Cobos.Codegen\Stylesheets\DataAdapter\CSharp\Sql\Values.xslt
		Cobos.Codegen\Stylesheets\DataAdapter\CSharp\Sql\Where.xslt = Cobos.Codegen\Stylesheets\DataAdapter\CSharp\Sql\Where.xslt
	EndProjectSection
EndProject
Project("{2150E333-8FDC-42A3-9474-1A3956D46DE8}") = "CSharp", "CSharp", "{5081793B-11C2-4AD0-9333-326C01221B34}"
	ProjectSection(SolutionItems) = preProject
		Cobos.Codegen\Stylesheets\DataAdapter\CSharp\DataAdapter.xslt = Cobos.Codegen\Stylesheets\DataAdapter\CSharp\DataAdapter.xslt
	EndProjectSection
EndProject
Project("{2150E333-8FDC-42A3-9474-1A3956D46DE8}") = "CSharp", "CSharp", "{F781FDAA-768D-4213-8E5F-93FCD38CC001}"
	ProjectSection(SolutionItems) = preProject
		Cobos.Codegen\Stylesheets\DataObject\CSharp\DataObject.xslt = Cobos.Codegen\Stylesheets\DataObject\CSharp\DataObject.xslt
	EndProjectSection
EndProject
Project("{2150E333-8FDC-42A3-9474-1A3956D46DE8}") = "Examples", "Examples", "{36815A7B-EBB0-4F5C-8364-F607BA79DCC4}"
	ProjectSection(SolutionItems) = preProject
		Cobos.Codegen\Examples\DataAdapter.xslt = Cobos.Codegen\Examples\DataAdapter.xslt
		Cobos.Codegen\Examples\DatabaseSchema.def = Cobos.Codegen\Examples\DatabaseSchema.def
		Cobos.Codegen\Examples\DataObject.xslt = Cobos.Codegen\Examples\DataObject.xslt
		Cobos.Codegen\Examples\DataSet.xslt = Cobos.Codegen\Examples\DataSet.xslt
		Cobos.Codegen\Examples\Process.xslt = Cobos.Codegen\Examples\Process.xslt
		Cobos.Codegen\Examples\Schema.xslt = Cobos.Codegen\Examples\Schema.xslt
	EndProjectSection
EndProject
Global
	GlobalSection(SolutionConfigurationPlatforms) = preSolution
		Debug|Any CPU = Debug|Any CPU
		Release|Any CPU = Release|Any CPU
	EndGlobalSection
	GlobalSection(ProjectConfigurationPlatforms) = postSolution
		{5EC3C9B9-DAE8-481C-8495-2A0A737D87A3}.Debug|Any CPU.ActiveCfg = Debug|Any CPU
		{5EC3C9B9-DAE8-481C-8495-2A0A737D87A3}.Debug|Any CPU.Build.0 = Debug|Any CPU
		{5EC3C9B9-DAE8-481C-8495-2A0A737D87A3}.Release|Any CPU.ActiveCfg = Release|Any CPU
		{5EC3C9B9-DAE8-481C-8495-2A0A737D87A3}.Release|Any CPU.Build.0 = Release|Any CPU
		{891CDC60-F542-47A2-B3E7-F656AB9F4CD8}.Debug|Any CPU.ActiveCfg = Debug|Any CPU
		{891CDC60-F542-47A2-B3E7-F656AB9F4CD8}.Debug|Any CPU.Build.0 = Debug|Any CPU
		{891CDC60-F542-47A2-B3E7-F656AB9F4CD8}.Release|Any CPU.ActiveCfg = Release|Any CPU
		{891CDC60-F542-47A2-B3E7-F656AB9F4CD8}.Release|Any CPU.Build.0 = Release|Any CPU
		{D5196DEE-1711-4AD3-97C8-5215BE26264C}.Debug|Any CPU.ActiveCfg = Debug|Any CPU
		{D5196DEE-1711-4AD3-97C8-5215BE26264C}.Debug|Any CPU.Build.0 = Debug|Any CPU
		{D5196DEE-1711-4AD3-97C8-5215BE26264C}.Release|Any CPU.ActiveCfg = Release|Any CPU
		{D5196DEE-1711-4AD3-97C8-5215BE26264C}.Release|Any CPU.Build.0 = Release|Any CPU
		{6906B107-C149-4682-AF7B-FEF9F697FE36}.Debug|Any CPU.ActiveCfg = Debug|Any CPU
		{6906B107-C149-4682-AF7B-FEF9F697FE36}.Debug|Any CPU.Build.0 = Debug|Any CPU
		{6906B107-C149-4682-AF7B-FEF9F697FE36}.Release|Any CPU.ActiveCfg = Release|Any CPU
		{6906B107-C149-4682-AF7B-FEF9F697FE36}.Release|Any CPU.Build.0 = Release|Any CPU
		{45697D04-D665-448A-BB4B-939F8F3E66FF}.Debug|Any CPU.ActiveCfg = Debug|Any CPU
		{45697D04-D665-448A-BB4B-939F8F3E66FF}.Debug|Any CPU.Build.0 = Debug|Any CPU
		{45697D04-D665-448A-BB4B-939F8F3E66FF}.Release|Any CPU.ActiveCfg = Release|Any CPU
		{45697D04-D665-448A-BB4B-939F8F3E66FF}.Release|Any CPU.Build.0 = Release|Any CPU
		{AB2BFBE4-62CE-4BB7-BC37-E3F8AAF789C0}.Debug|Any CPU.ActiveCfg = Debug|Any CPU
		{AB2BFBE4-62CE-4BB7-BC37-E3F8AAF789C0}.Debug|Any CPU.Build.0 = Debug|Any CPU
		{AB2BFBE4-62CE-4BB7-BC37-E3F8AAF789C0}.Release|Any CPU.ActiveCfg = Release|Any CPU
		{AB2BFBE4-62CE-4BB7-BC37-E3F8AAF789C0}.Release|Any CPU.Build.0 = Release|Any CPU
		{2F537275-3B9C-4914-B33E-E6AE6238F4B6}.Debug|Any CPU.ActiveCfg = Debug|Any CPU
		{2F537275-3B9C-4914-B33E-E6AE6238F4B6}.Debug|Any CPU.Build.0 = Debug|Any CPU
		{2F537275-3B9C-4914-B33E-E6AE6238F4B6}.Release|Any CPU.ActiveCfg = Release|Any CPU
		{2F537275-3B9C-4914-B33E-E6AE6238F4B6}.Release|Any CPU.Build.0 = Release|Any CPU
		{CFB3BE49-D78C-48D3-9238-A0DB2C2BA3A2}.Debug|Any CPU.ActiveCfg = Debug|Any CPU
		{CFB3BE49-D78C-48D3-9238-A0DB2C2BA3A2}.Debug|Any CPU.Build.0 = Debug|Any CPU
		{CFB3BE49-D78C-48D3-9238-A0DB2C2BA3A2}.Release|Any CPU.ActiveCfg = Release|Any CPU
		{CFB3BE49-D78C-48D3-9238-A0DB2C2BA3A2}.Release|Any CPU.Build.0 = Release|Any CPU
		{03D50FFC-8DF1-4DB2-B653-DC4D2E66F623}.Debug|Any CPU.ActiveCfg = Debug|Any CPU
		{03D50FFC-8DF1-4DB2-B653-DC4D2E66F623}.Debug|Any CPU.Build.0 = Debug|Any CPU
		{03D50FFC-8DF1-4DB2-B653-DC4D2E66F623}.Release|Any CPU.ActiveCfg = Release|Any CPU
		{03D50FFC-8DF1-4DB2-B653-DC4D2E66F623}.Release|Any CPU.Build.0 = Release|Any CPU
		{3CA4CEBF-B176-4303-A018-9026A8C9B44C}.Debug|Any CPU.ActiveCfg = Debug|Any CPU
		{3CA4CEBF-B176-4303-A018-9026A8C9B44C}.Debug|Any CPU.Build.0 = Debug|Any CPU
		{3CA4CEBF-B176-4303-A018-9026A8C9B44C}.Release|Any CPU.ActiveCfg = Release|Any CPU
		{3CA4CEBF-B176-4303-A018-9026A8C9B44C}.Release|Any CPU.Build.0 = Release|Any CPU
		{169B5112-DFA3-45F6-A8AD-AFA6F888D0B6}.Debug|Any CPU.ActiveCfg = Debug|Any CPU
		{169B5112-DFA3-45F6-A8AD-AFA6F888D0B6}.Debug|Any CPU.Build.0 = Debug|Any CPU
		{169B5112-DFA3-45F6-A8AD-AFA6F888D0B6}.Release|Any CPU.ActiveCfg = Release|Any CPU
		{169B5112-DFA3-45F6-A8AD-AFA6F888D0B6}.Release|Any CPU.Build.0 = Release|Any CPU
		{1FC4F6FF-51BD-4FC2-8464-6CCF971F6ADC}.Debug|Any CPU.ActiveCfg = Debug|Any CPU
		{1FC4F6FF-51BD-4FC2-8464-6CCF971F6ADC}.Debug|Any CPU.Build.0 = Debug|Any CPU
		{1FC4F6FF-51BD-4FC2-8464-6CCF971F6ADC}.Release|Any CPU.ActiveCfg = Release|Any CPU
		{1FC4F6FF-51BD-4FC2-8464-6CCF971F6ADC}.Release|Any CPU.Build.0 = Release|Any CPU
		{1FC4F6FF-51BD-4FC2-8464-6CCF971F6ADC}.Release|Any CPU.Deploy.0 = Release|Any CPU
		{98F41521-D93D-4E57-9007-924F79AAF242}.Debug|Any CPU.ActiveCfg = Debug|Any CPU
		{98F41521-D93D-4E57-9007-924F79AAF242}.Debug|Any CPU.Build.0 = Debug|Any CPU
		{98F41521-D93D-4E57-9007-924F79AAF242}.Release|Any CPU.ActiveCfg = Release|Any CPU
		{98F41521-D93D-4E57-9007-924F79AAF242}.Release|Any CPU.Build.0 = Release|Any CPU
		{E669D37F-AECE-495D-9774-069DE66C1E70}.Debug|Any CPU.ActiveCfg = Debug|Any CPU
		{E669D37F-AECE-495D-9774-069DE66C1E70}.Debug|Any CPU.Build.0 = Debug|Any CPU
		{E669D37F-AECE-495D-9774-069DE66C1E70}.Release|Any CPU.ActiveCfg = Release|Any CPU
		{E669D37F-AECE-495D-9774-069DE66C1E70}.Release|Any CPU.Build.0 = Release|Any CPU
		{919D7FFF-19B3-4323-A84C-7F0345F314F5}.Debug|Any CPU.ActiveCfg = Debug|Any CPU
		{919D7FFF-19B3-4323-A84C-7F0345F314F5}.Debug|Any CPU.Build.0 = Debug|Any CPU
		{919D7FFF-19B3-4323-A84C-7F0345F314F5}.Release|Any CPU.ActiveCfg = Release|Any CPU
		{919D7FFF-19B3-4323-A84C-7F0345F314F5}.Release|Any CPU.Build.0 = Release|Any CPU
	EndGlobalSection
	GlobalSection(SolutionProperties) = preSolution
		HideSolutionNode = FALSE
	EndGlobalSection
	GlobalSection(NestedProjects) = preSolution
		{6EDA8BED-1F3E-4A58-ADDB-A4096FC394DD} = {F563C737-98D0-42B5-B2FF-CC9143347784}
		{734596B3-3329-4336-B41D-A0804C78B745} = {F563C737-98D0-42B5-B2FF-CC9143347784}
		{B7F60FFC-70E9-419C-A7E9-055458CA5BBB} = {F563C737-98D0-42B5-B2FF-CC9143347784}
		{36815A7B-EBB0-4F5C-8364-F607BA79DCC4} = {F563C737-98D0-42B5-B2FF-CC9143347784}
		{AA03B289-390E-4A38-93A7-B4E9856B769D} = {734596B3-3329-4336-B41D-A0804C78B745}
		{431A7087-1C7A-4C5E-8619-3FE737D0C75C} = {734596B3-3329-4336-B41D-A0804C78B745}
		{E299B50E-6E19-4EB6-A3E7-C4A8B6A9B1F5} = {734596B3-3329-4336-B41D-A0804C78B745}
		{6683CB7C-850A-45A9-A661-F1619C343C04} = {734596B3-3329-4336-B41D-A0804C78B745}
		{743A12FC-49B3-484E-B93F-1183BB773076} = {734596B3-3329-4336-B41D-A0804C78B745}
		{F781FDAA-768D-4213-8E5F-93FCD38CC001} = {6683CB7C-850A-45A9-A661-F1619C343C04}
		{5081793B-11C2-4AD0-9333-326C01221B34} = {743A12FC-49B3-484E-B93F-1183BB773076}
		{24D36217-A97A-444F-AA3E-D81A45F8D670} = {5081793B-11C2-4AD0-9333-326C01221B34}
		{BF394EA6-FF03-4E82-8D52-F604D07C2808} = {5081793B-11C2-4AD0-9333-326C01221B34}
	EndGlobalSection
EndGlobal
