
Microsoft Visual Studio Solution File, Format Version 12.00
# Visual Studio 2012
Project("{2150E333-8FDC-42A3-9474-1A3956D46DE8}") = "Cobos.Codegen", "Cobos.Codegen", "{F563C737-98D0-42B5-B2FF-CC9143347784}"
	ProjectSection(SolutionItems) = preProject
		Cobos.Codegen\build.bat = Cobos.Codegen\build.bat
		Cobos.Codegen\classes.bat = Cobos.Codegen\classes.bat
		Cobos.Codegen\database.bat = Cobos.Codegen\database.bat
		Cobos.Codegen\filetime_cmp.bat = Cobos.Codegen\filetime_cmp.bat
		Cobos.Codegen\filetime_iso8601.bat = Cobos.Codegen\filetime_iso8601.bat
		Cobos.Codegen\schema.bat = Cobos.Codegen\schema.bat
		Cobos.Codegen\var_args.bat = Cobos.Codegen\var_args.bat
		Cobos.Codegen\xslt.js = Cobos.Codegen\xslt.js
	EndProjectSection
EndProject
Project("{2150E333-8FDC-42A3-9474-1A3956D46DE8}") = "Schemas", "Schemas", "{6EDA8BED-1F3E-4A58-ADDB-A4096FC394DD}"
	ProjectSection(SolutionItems) = preProject
		Cobos.Codegen\Schemas\BuildConfig.xsd = Cobos.Codegen\Schemas\BuildConfig.xsd
		Cobos.Codegen\Schemas\DataModel.xsd = Cobos.Codegen\Schemas\DataModel.xsd
	EndProjectSection
EndProject
Project("{2150E333-8FDC-42A3-9474-1A3956D46DE8}") = "Stylesheets", "Stylesheets", "{734596B3-3329-4336-B41D-A0804C78B745}"
	ProjectSection(SolutionItems) = preProject
		Cobos.Codegen\Stylesheets\Common.xslt = Cobos.Codegen\Stylesheets\Common.xslt
		Cobos.Codegen\Stylesheets\Utilities.xslt = Cobos.Codegen\Stylesheets\Utilities.xslt
		Cobos.Codegen\Stylesheets\Version.xslt = Cobos.Codegen\Stylesheets\Version.xslt
	EndProjectSection
EndProject
Project("{2150E333-8FDC-42A3-9474-1A3956D46DE8}") = "Build", "Build", "{98897FB0-F4F2-4EC7-A52B-C33A794825C0}"
	ProjectSection(SolutionItems) = preProject
		Cobos.Codegen\Stylesheets\Build\BuildConfig.xslt = Cobos.Codegen\Stylesheets\Build\BuildConfig.xslt
	EndProjectSection
EndProject
Project("{2150E333-8FDC-42A3-9474-1A3956D46DE8}") = "DataModel", "DataModel", "{AA03B289-390E-4A38-93A7-B4E9856B769D}"
	ProjectSection(SolutionItems) = preProject
		Cobos.Codegen\Stylesheets\DataModel\Dataset.xslt = Cobos.Codegen\Stylesheets\DataModel\Dataset.xslt
		Cobos.Codegen\Stylesheets\DataModel\Expand.xslt = Cobos.Codegen\Stylesheets\DataModel\Expand.xslt
		Cobos.Codegen\Stylesheets\DataModel\Schema.xslt = Cobos.Codegen\Stylesheets\DataModel\Schema.xslt
	EndProjectSection
EndProject
Project("{2150E333-8FDC-42A3-9474-1A3956D46DE8}") = "Database", "Database", "{431A7087-1C7A-4C5E-8619-3FE737D0C75C}"
	ProjectSection(SolutionItems) = preProject
		Cobos.Codegen\Stylesheets\Database\Schema.xsd = Cobos.Codegen\Stylesheets\Database\Schema.xsd
		Cobos.Codegen\Stylesheets\Database\Schema.xslt = Cobos.Codegen\Stylesheets\Database\Schema.xslt
	EndProjectSection
EndProject
Project("{2150E333-8FDC-42A3-9474-1A3956D46DE8}") = "Oracle", "Oracle", "{0C8EFEDC-4DEB-4890-8BF9-B9E00B321FA6}"
	ProjectSection(SolutionItems) = preProject
		Cobos.Codegen\Stylesheets\Database\Oracle\DatabaseSchema.xslt = Cobos.Codegen\Stylesheets\Database\Oracle\DatabaseSchema.xslt
		Cobos.Codegen\Stylesheets\Database\Oracle\Merge.xslt = Cobos.Codegen\Stylesheets\Database\Oracle\Merge.xslt
	EndProjectSection
EndProject
Project("{2150E333-8FDC-42A3-9474-1A3956D46DE8}") = "Classes", "Classes", "{6B8454F6-62C2-4A7F-A6A7-C3B9246836D2}"
EndProject
Project("{2150E333-8FDC-42A3-9474-1A3956D46DE8}") = "CSharp", "CSharp", "{B9BB1932-D08F-4904-A8FC-A5F0AC25644A}"
	ProjectSection(SolutionItems) = preProject
		Cobos.Codegen\Stylesheets\Classes\CSharp\Classes.xslt = Cobos.Codegen\Stylesheets\Classes\CSharp\Classes.xslt
		Cobos.Codegen\Stylesheets\Classes\CSharp\Custom.xslt = Cobos.Codegen\Stylesheets\Classes\CSharp\Custom.xslt
		Cobos.Codegen\Stylesheets\Classes\CSharp\Enum.xslt = Cobos.Codegen\Stylesheets\Classes\CSharp\Enum.xslt
	EndProjectSection
EndProject
Project("{2150E333-8FDC-42A3-9474-1A3956D46DE8}") = "Class", "Class", "{150D932B-1FB2-49B0-8FC0-C94A3711DBA9}"
	ProjectSection(SolutionItems) = preProject
		Cobos.Codegen\Stylesheets\Classes\CSharp\Class\Body.xslt = Cobos.Codegen\Stylesheets\Classes\CSharp\Class\Body.xslt
		Cobos.Codegen\Stylesheets\Classes\CSharp\Class\Class.xslt = Cobos.Codegen\Stylesheets\Classes\CSharp\Class\Class.xslt
		Cobos.Codegen\Stylesheets\Classes\CSharp\Class\Constructor.xslt = Cobos.Codegen\Stylesheets\Classes\CSharp\Class\Constructor.xslt
		Cobos.Codegen\Stylesheets\Classes\CSharp\Class\IDisposable.xslt = Cobos.Codegen\Stylesheets\Classes\CSharp\Class\IDisposable.xslt
		Cobos.Codegen\Stylesheets\Classes\CSharp\Class\Members.xslt = Cobos.Codegen\Stylesheets\Classes\CSharp\Class\Members.xslt
	EndProjectSection
EndProject
Project("{2150E333-8FDC-42A3-9474-1A3956D46DE8}") = "Properties", "Properties", "{7472F69A-82C6-4544-8FDC-346852767FD4}"
	ProjectSection(SolutionItems) = preProject
		Cobos.Codegen\Stylesheets\Classes\CSharp\Properties\Body.xslt = Cobos.Codegen\Stylesheets\Classes\CSharp\Properties\Body.xslt
		Cobos.Codegen\Stylesheets\Classes\CSharp\Properties\Properties.xslt = Cobos.Codegen\Stylesheets\Classes\CSharp\Properties\Properties.xslt
		Cobos.Codegen\Stylesheets\Classes\CSharp\Properties\Types.xslt = Cobos.Codegen\Stylesheets\Classes\CSharp\Properties\Types.xslt
	EndProjectSection
EndProject
Project("{2150E333-8FDC-42A3-9474-1A3956D46DE8}") = "TableAdapter", "TableAdapter", "{817CAAB0-318E-420E-9F0F-1992469613F1}"
	ProjectSection(SolutionItems) = preProject
		Cobos.Codegen\Stylesheets\Classes\CSharp\TableAdapter\Changes.xslt = Cobos.Codegen\Stylesheets\Classes\CSharp\TableAdapter\Changes.xslt
		Cobos.Codegen\Stylesheets\Classes\CSharp\TableAdapter\Delegates.xslt = Cobos.Codegen\Stylesheets\Classes\CSharp\TableAdapter\Delegates.xslt
		Cobos.Codegen\Stylesheets\Classes\CSharp\TableAdapter\Delete.xslt = Cobos.Codegen\Stylesheets\Classes\CSharp\TableAdapter\Delete.xslt
		Cobos.Codegen\Stylesheets\Classes\CSharp\TableAdapter\Find.xslt = Cobos.Codegen\Stylesheets\Classes\CSharp\TableAdapter\Find.xslt
		Cobos.Codegen\Stylesheets\Classes\CSharp\TableAdapter\Insert.xslt = Cobos.Codegen\Stylesheets\Classes\CSharp\TableAdapter\Insert.xslt
		Cobos.Codegen\Stylesheets\Classes\CSharp\TableAdapter\New.xslt = Cobos.Codegen\Stylesheets\Classes\CSharp\TableAdapter\New.xslt
		Cobos.Codegen\Stylesheets\Classes\CSharp\TableAdapter\Select.xslt = Cobos.Codegen\Stylesheets\Classes\CSharp\TableAdapter\Select.xslt
		Cobos.Codegen\Stylesheets\Classes\CSharp\TableAdapter\TableAdapter.xslt = Cobos.Codegen\Stylesheets\Classes\CSharp\TableAdapter\TableAdapter.xslt
		Cobos.Codegen\Stylesheets\Classes\CSharp\TableAdapter\Update.xslt = Cobos.Codegen\Stylesheets\Classes\CSharp\TableAdapter\Update.xslt
	EndProjectSection
EndProject
Project("{2150E333-8FDC-42A3-9474-1A3956D46DE8}") = "Sql", "Sql", "{3C69F362-12AD-45E1-B98B-9F52CDAC6254}"
	ProjectSection(SolutionItems) = preProject
		Cobos.Codegen\Stylesheets\Classes\CSharp\TableAdapter\Sql\Delete.xslt = Cobos.Codegen\Stylesheets\Classes\CSharp\TableAdapter\Sql\Delete.xslt
		Cobos.Codegen\Stylesheets\Classes\CSharp\TableAdapter\Sql\GroupBy.xslt = Cobos.Codegen\Stylesheets\Classes\CSharp\TableAdapter\Sql\GroupBy.xslt
		Cobos.Codegen\Stylesheets\Classes\CSharp\TableAdapter\Sql\Having.xslt = Cobos.Codegen\Stylesheets\Classes\CSharp\TableAdapter\Sql\Having.xslt
		Cobos.Codegen\Stylesheets\Classes\CSharp\TableAdapter\Sql\Insert.xslt = Cobos.Codegen\Stylesheets\Classes\CSharp\TableAdapter\Sql\Insert.xslt
		Cobos.Codegen\Stylesheets\Classes\CSharp\TableAdapter\Sql\Join.xslt = Cobos.Codegen\Stylesheets\Classes\CSharp\TableAdapter\Sql\Join.xslt
		Cobos.Codegen\Stylesheets\Classes\CSharp\TableAdapter\Sql\OrderBy.xslt = Cobos.Codegen\Stylesheets\Classes\CSharp\TableAdapter\Sql\OrderBy.xslt
		Cobos.Codegen\Stylesheets\Classes\CSharp\TableAdapter\Sql\Select.xslt = Cobos.Codegen\Stylesheets\Classes\CSharp\TableAdapter\Sql\Select.xslt
		Cobos.Codegen\Stylesheets\Classes\CSharp\TableAdapter\Sql\Sql.xslt = Cobos.Codegen\Stylesheets\Classes\CSharp\TableAdapter\Sql\Sql.xslt
		Cobos.Codegen\Stylesheets\Classes\CSharp\TableAdapter\Sql\Update.xslt = Cobos.Codegen\Stylesheets\Classes\CSharp\TableAdapter\Sql\Update.xslt
		Cobos.Codegen\Stylesheets\Classes\CSharp\TableAdapter\Sql\Where.xslt = Cobos.Codegen\Stylesheets\Classes\CSharp\TableAdapter\Sql\Where.xslt
	EndProjectSection
EndProject
Project("{2150E333-8FDC-42A3-9474-1A3956D46DE8}") = "MSBuild", "MSBuild", "{B7F60FFC-70E9-419C-A7E9-055458CA5BBB}"
	ProjectSection(SolutionItems) = preProject
		Cobos.Codegen\MSBuild\Cobos.Codegen.Clean.targets = Cobos.Codegen\MSBuild\Cobos.Codegen.Clean.targets
		Cobos.Codegen\MSBuild\Cobos.Codegen.RunXsd.targets = Cobos.Codegen\MSBuild\Cobos.Codegen.RunXsd.targets
	EndProjectSection
EndProject
Project("{FAE04EC0-301F-11D3-BF4B-00C04F79EFBC}") = "Cobos.Utilities", "Cobos.Utilities\Cobos.Utilities.csproj", "{5EC3C9B9-DAE8-481C-8495-2A0A737D87A3}"
EndProject
Project("{FAE04EC0-301F-11D3-BF4B-00C04F79EFBC}") = "Cobos.Utilities.Tests", "Cobos.Utilities.Tests\Cobos.Utilities.Tests.csproj", "{891CDC60-F542-47A2-B3E7-F656AB9F4CD8}"
EndProject
Project("{FAE04EC0-301F-11D3-BF4B-00C04F79EFBC}") = "Cobos.WpfApplication", "Cobos.WpfApplication\Cobos.WpfApplication.csproj", "{C2E7C2CC-133E-42A6-A49F-A73DFA79BB91}"
EndProject
Project("{FAE04EC0-301F-11D3-BF4B-00C04F79EFBC}") = "Cobos.Core", "Cobos.Core\Cobos.Core.csproj", "{79555902-5B9F-469C-B89F-488C408C99DF}"
EndProject
Project("{FAE04EC0-301F-11D3-BF4B-00C04F79EFBC}") = "Cobos.Core.Tests", "Cobos.Core.Tests\Cobos.Core.Tests.csproj", "{A3D7E394-8A58-4A09-816E-E75F1948EDE1}"
EndProject
Project("{FAE04EC0-301F-11D3-BF4B-00C04F79EFBC}") = "Cobos.Web.Utilities", "Cobos.Web.Utilities\Cobos.Web.Utilities.csproj", "{D5196DEE-1711-4AD3-97C8-5215BE26264C}"
EndProject
Project("{FAE04EC0-301F-11D3-BF4B-00C04F79EFBC}") = "Cobos.WpfApplication.Tests", "Cobos.WpfApplication.Tests\Cobos.WpfApplication.Tests.csproj", "{1AE25F70-0303-403E-906B-B93E4AEE4ACD}"
EndProject
Project("{FAE04EC0-301F-11D3-BF4B-00C04F79EFBC}") = "Cobos.Data", "Cobos.Data\Cobos.Data.csproj", "{6906B107-C149-4682-AF7B-FEF9F697FE36}"
EndProject
Project("{FAE04EC0-301F-11D3-BF4B-00C04F79EFBC}") = "Cobos.Data.Tests", "Cobos.Data.Tests\Cobos.Data.Tests.csproj", "{45697D04-D665-448A-BB4B-939F8F3E66FF}"
EndProject
Project("{FAE04EC0-301F-11D3-BF4B-00C04F79EFBC}") = "Cobos.DatabaseToXsd", "Cobos.DatabaseToXsd\Cobos.DatabaseToXsd.csproj", "{3E75163B-131A-4D6F-856E-211504B14A68}"
EndProject
Project("{FAE04EC0-301F-11D3-BF4B-00C04F79EFBC}") = "Cobos.Codegen.Tests", "Cobos.Codegen.Tests\Cobos.Codegen.Tests.csproj", "{AB2BFBE4-62CE-4BB7-BC37-E3F8AAF789C0}"
EndProject
Project("{FAE04EC0-301F-11D3-BF4B-00C04F79EFBC}") = "Cobos.Data.MySql", "Cobos.Data.MySql\Cobos.Data.MySql.csproj", "{2F537275-3B9C-4914-B33E-E6AE6238F4B6}"
EndProject
Project("{FAE04EC0-301F-11D3-BF4B-00C04F79EFBC}") = "Cobos.Data.Oracle", "Cobos.Data.Oracle\Cobos.Data.Oracle.csproj", "{CFB3BE49-D78C-48D3-9238-A0DB2C2BA3A2}"
EndProject
Project("{FAE04EC0-301F-11D3-BF4B-00C04F79EFBC}") = "Cobos.Data.Oracle.Tests", "Cobos.Data.Oracle.Tests\Cobos.Data.Oracle.Tests.csproj", "{EAE0558B-E3E2-4378-8609-6914770DF377}"
EndProject
Project("{FAE04EC0-301F-11D3-BF4B-00C04F79EFBC}") = "Cobos.Data.MySql.Tests", "Cobos.Data.MySql.Tests\Cobos.Data.MySql.Tests.csproj", "{E4CDF809-D35C-4350-9F3C-C3FCE0018B06}"
EndProject
Project("{FAE04EC0-301F-11D3-BF4B-00C04F79EFBC}") = "Cobos.Script", "Cobos.Script\Cobos.Script.csproj", "{03D50FFC-8DF1-4DB2-B653-DC4D2E66F623}"
EndProject
Project("{FAE04EC0-301F-11D3-BF4B-00C04F79EFBC}") = "Cobos.ScriptEngine", "Cobos.ScriptEngine\Cobos.ScriptEngine.csproj", "{3CA4CEBF-B176-4303-A018-9026A8C9B44C}"
EndProject
Project("{FAE04EC0-301F-11D3-BF4B-00C04F79EFBC}") = "Cobos.Script.Tests", "Cobos.Script.Tests\Cobos.Script.Tests.csproj", "{169B5112-DFA3-45F6-A8AD-AFA6F888D0B6}"
EndProject
Global
	GlobalSection(SolutionConfigurationPlatforms) = preSolution
		Debug|Any CPU = Debug|Any CPU
		Debug|Mixed Platforms = Debug|Mixed Platforms
		Debug|x86 = Debug|x86
		Release|Any CPU = Release|Any CPU
		Release|Mixed Platforms = Release|Mixed Platforms
		Release|x86 = Release|x86
	EndGlobalSection
	GlobalSection(ProjectConfigurationPlatforms) = postSolution
		{5EC3C9B9-DAE8-481C-8495-2A0A737D87A3}.Debug|Any CPU.ActiveCfg = Debug|Any CPU
		{5EC3C9B9-DAE8-481C-8495-2A0A737D87A3}.Debug|Any CPU.Build.0 = Debug|Any CPU
		{5EC3C9B9-DAE8-481C-8495-2A0A737D87A3}.Debug|Mixed Platforms.ActiveCfg = Debug|Any CPU
		{5EC3C9B9-DAE8-481C-8495-2A0A737D87A3}.Debug|Mixed Platforms.Build.0 = Debug|Any CPU
		{5EC3C9B9-DAE8-481C-8495-2A0A737D87A3}.Debug|x86.ActiveCfg = Debug|Any CPU
		{5EC3C9B9-DAE8-481C-8495-2A0A737D87A3}.Release|Any CPU.ActiveCfg = Release|Any CPU
		{5EC3C9B9-DAE8-481C-8495-2A0A737D87A3}.Release|Any CPU.Build.0 = Release|Any CPU
		{5EC3C9B9-DAE8-481C-8495-2A0A737D87A3}.Release|Mixed Platforms.ActiveCfg = Release|Any CPU
		{5EC3C9B9-DAE8-481C-8495-2A0A737D87A3}.Release|Mixed Platforms.Build.0 = Release|Any CPU
		{5EC3C9B9-DAE8-481C-8495-2A0A737D87A3}.Release|x86.ActiveCfg = Release|Any CPU
		{891CDC60-F542-47A2-B3E7-F656AB9F4CD8}.Debug|Any CPU.ActiveCfg = Debug|Any CPU
		{891CDC60-F542-47A2-B3E7-F656AB9F4CD8}.Debug|Any CPU.Build.0 = Debug|Any CPU
		{891CDC60-F542-47A2-B3E7-F656AB9F4CD8}.Debug|Mixed Platforms.ActiveCfg = Debug|Any CPU
		{891CDC60-F542-47A2-B3E7-F656AB9F4CD8}.Debug|Mixed Platforms.Build.0 = Debug|Any CPU
		{891CDC60-F542-47A2-B3E7-F656AB9F4CD8}.Debug|x86.ActiveCfg = Debug|Any CPU
		{891CDC60-F542-47A2-B3E7-F656AB9F4CD8}.Release|Any CPU.ActiveCfg = Release|Any CPU
		{891CDC60-F542-47A2-B3E7-F656AB9F4CD8}.Release|Any CPU.Build.0 = Release|Any CPU
		{891CDC60-F542-47A2-B3E7-F656AB9F4CD8}.Release|Mixed Platforms.ActiveCfg = Release|Any CPU
		{891CDC60-F542-47A2-B3E7-F656AB9F4CD8}.Release|Mixed Platforms.Build.0 = Release|Any CPU
		{891CDC60-F542-47A2-B3E7-F656AB9F4CD8}.Release|x86.ActiveCfg = Release|Any CPU
		{C2E7C2CC-133E-42A6-A49F-A73DFA79BB91}.Debug|Any CPU.ActiveCfg = Debug|Any CPU
		{C2E7C2CC-133E-42A6-A49F-A73DFA79BB91}.Debug|Any CPU.Build.0 = Debug|Any CPU
		{C2E7C2CC-133E-42A6-A49F-A73DFA79BB91}.Debug|Mixed Platforms.ActiveCfg = Debug|Any CPU
		{C2E7C2CC-133E-42A6-A49F-A73DFA79BB91}.Debug|Mixed Platforms.Build.0 = Debug|Any CPU
		{C2E7C2CC-133E-42A6-A49F-A73DFA79BB91}.Debug|x86.ActiveCfg = Debug|Any CPU
		{C2E7C2CC-133E-42A6-A49F-A73DFA79BB91}.Release|Any CPU.ActiveCfg = Release|Any CPU
		{C2E7C2CC-133E-42A6-A49F-A73DFA79BB91}.Release|Any CPU.Build.0 = Release|Any CPU
		{C2E7C2CC-133E-42A6-A49F-A73DFA79BB91}.Release|Mixed Platforms.ActiveCfg = Release|Any CPU
		{C2E7C2CC-133E-42A6-A49F-A73DFA79BB91}.Release|Mixed Platforms.Build.0 = Release|Any CPU
		{C2E7C2CC-133E-42A6-A49F-A73DFA79BB91}.Release|x86.ActiveCfg = Release|Any CPU
		{79555902-5B9F-469C-B89F-488C408C99DF}.Debug|Any CPU.ActiveCfg = Debug|Any CPU
		{79555902-5B9F-469C-B89F-488C408C99DF}.Debug|Any CPU.Build.0 = Debug|Any CPU
		{79555902-5B9F-469C-B89F-488C408C99DF}.Debug|Mixed Platforms.ActiveCfg = Debug|Any CPU
		{79555902-5B9F-469C-B89F-488C408C99DF}.Debug|Mixed Platforms.Build.0 = Debug|Any CPU
		{79555902-5B9F-469C-B89F-488C408C99DF}.Debug|x86.ActiveCfg = Debug|Any CPU
		{79555902-5B9F-469C-B89F-488C408C99DF}.Release|Any CPU.ActiveCfg = Release|Any CPU
		{79555902-5B9F-469C-B89F-488C408C99DF}.Release|Any CPU.Build.0 = Release|Any CPU
		{79555902-5B9F-469C-B89F-488C408C99DF}.Release|Mixed Platforms.ActiveCfg = Release|Any CPU
		{79555902-5B9F-469C-B89F-488C408C99DF}.Release|Mixed Platforms.Build.0 = Release|Any CPU
		{79555902-5B9F-469C-B89F-488C408C99DF}.Release|x86.ActiveCfg = Release|Any CPU
		{A3D7E394-8A58-4A09-816E-E75F1948EDE1}.Debug|Any CPU.ActiveCfg = Debug|Any CPU
		{A3D7E394-8A58-4A09-816E-E75F1948EDE1}.Debug|Any CPU.Build.0 = Debug|Any CPU
		{A3D7E394-8A58-4A09-816E-E75F1948EDE1}.Debug|Mixed Platforms.ActiveCfg = Debug|Any CPU
		{A3D7E394-8A58-4A09-816E-E75F1948EDE1}.Debug|Mixed Platforms.Build.0 = Debug|Any CPU
		{A3D7E394-8A58-4A09-816E-E75F1948EDE1}.Debug|x86.ActiveCfg = Debug|Any CPU
		{A3D7E394-8A58-4A09-816E-E75F1948EDE1}.Release|Any CPU.ActiveCfg = Release|Any CPU
		{A3D7E394-8A58-4A09-816E-E75F1948EDE1}.Release|Any CPU.Build.0 = Release|Any CPU
		{A3D7E394-8A58-4A09-816E-E75F1948EDE1}.Release|Mixed Platforms.ActiveCfg = Release|Any CPU
		{A3D7E394-8A58-4A09-816E-E75F1948EDE1}.Release|Mixed Platforms.Build.0 = Release|Any CPU
		{A3D7E394-8A58-4A09-816E-E75F1948EDE1}.Release|x86.ActiveCfg = Release|Any CPU
		{D5196DEE-1711-4AD3-97C8-5215BE26264C}.Debug|Any CPU.ActiveCfg = Debug|Any CPU
		{D5196DEE-1711-4AD3-97C8-5215BE26264C}.Debug|Any CPU.Build.0 = Debug|Any CPU
		{D5196DEE-1711-4AD3-97C8-5215BE26264C}.Debug|Mixed Platforms.ActiveCfg = Debug|Any CPU
		{D5196DEE-1711-4AD3-97C8-5215BE26264C}.Debug|Mixed Platforms.Build.0 = Debug|Any CPU
		{D5196DEE-1711-4AD3-97C8-5215BE26264C}.Debug|x86.ActiveCfg = Debug|Any CPU
		{D5196DEE-1711-4AD3-97C8-5215BE26264C}.Release|Any CPU.ActiveCfg = Release|Any CPU
		{D5196DEE-1711-4AD3-97C8-5215BE26264C}.Release|Any CPU.Build.0 = Release|Any CPU
		{D5196DEE-1711-4AD3-97C8-5215BE26264C}.Release|Mixed Platforms.ActiveCfg = Release|Any CPU
		{D5196DEE-1711-4AD3-97C8-5215BE26264C}.Release|Mixed Platforms.Build.0 = Release|Any CPU
		{D5196DEE-1711-4AD3-97C8-5215BE26264C}.Release|x86.ActiveCfg = Release|Any CPU
		{1AE25F70-0303-403E-906B-B93E4AEE4ACD}.Debug|Any CPU.ActiveCfg = Debug|Any CPU
		{1AE25F70-0303-403E-906B-B93E4AEE4ACD}.Debug|Any CPU.Build.0 = Debug|Any CPU
		{1AE25F70-0303-403E-906B-B93E4AEE4ACD}.Debug|Mixed Platforms.ActiveCfg = Debug|Any CPU
		{1AE25F70-0303-403E-906B-B93E4AEE4ACD}.Debug|Mixed Platforms.Build.0 = Debug|Any CPU
		{1AE25F70-0303-403E-906B-B93E4AEE4ACD}.Debug|x86.ActiveCfg = Debug|Any CPU
		{1AE25F70-0303-403E-906B-B93E4AEE4ACD}.Release|Any CPU.ActiveCfg = Release|Any CPU
		{1AE25F70-0303-403E-906B-B93E4AEE4ACD}.Release|Any CPU.Build.0 = Release|Any CPU
		{1AE25F70-0303-403E-906B-B93E4AEE4ACD}.Release|Mixed Platforms.ActiveCfg = Release|Any CPU
		{1AE25F70-0303-403E-906B-B93E4AEE4ACD}.Release|Mixed Platforms.Build.0 = Release|Any CPU
		{1AE25F70-0303-403E-906B-B93E4AEE4ACD}.Release|x86.ActiveCfg = Release|Any CPU
		{6906B107-C149-4682-AF7B-FEF9F697FE36}.Debug|Any CPU.ActiveCfg = Debug|Any CPU
		{6906B107-C149-4682-AF7B-FEF9F697FE36}.Debug|Any CPU.Build.0 = Debug|Any CPU
		{6906B107-C149-4682-AF7B-FEF9F697FE36}.Debug|Mixed Platforms.ActiveCfg = Debug|Any CPU
		{6906B107-C149-4682-AF7B-FEF9F697FE36}.Debug|Mixed Platforms.Build.0 = Debug|Any CPU
		{6906B107-C149-4682-AF7B-FEF9F697FE36}.Debug|x86.ActiveCfg = Debug|Any CPU
		{6906B107-C149-4682-AF7B-FEF9F697FE36}.Release|Any CPU.ActiveCfg = Release|Any CPU
		{6906B107-C149-4682-AF7B-FEF9F697FE36}.Release|Any CPU.Build.0 = Release|Any CPU
		{6906B107-C149-4682-AF7B-FEF9F697FE36}.Release|Mixed Platforms.ActiveCfg = Release|Any CPU
		{6906B107-C149-4682-AF7B-FEF9F697FE36}.Release|Mixed Platforms.Build.0 = Release|Any CPU
		{6906B107-C149-4682-AF7B-FEF9F697FE36}.Release|x86.ActiveCfg = Release|Any CPU
		{45697D04-D665-448A-BB4B-939F8F3E66FF}.Debug|Any CPU.ActiveCfg = Debug|Any CPU
		{45697D04-D665-448A-BB4B-939F8F3E66FF}.Debug|Any CPU.Build.0 = Debug|Any CPU
		{45697D04-D665-448A-BB4B-939F8F3E66FF}.Debug|Mixed Platforms.ActiveCfg = Debug|Any CPU
		{45697D04-D665-448A-BB4B-939F8F3E66FF}.Debug|Mixed Platforms.Build.0 = Debug|Any CPU
		{45697D04-D665-448A-BB4B-939F8F3E66FF}.Debug|x86.ActiveCfg = Debug|Any CPU
		{45697D04-D665-448A-BB4B-939F8F3E66FF}.Release|Any CPU.ActiveCfg = Release|Any CPU
		{45697D04-D665-448A-BB4B-939F8F3E66FF}.Release|Any CPU.Build.0 = Release|Any CPU
		{45697D04-D665-448A-BB4B-939F8F3E66FF}.Release|Mixed Platforms.ActiveCfg = Release|Any CPU
		{45697D04-D665-448A-BB4B-939F8F3E66FF}.Release|Mixed Platforms.Build.0 = Release|Any CPU
		{45697D04-D665-448A-BB4B-939F8F3E66FF}.Release|x86.ActiveCfg = Release|Any CPU
		{3E75163B-131A-4D6F-856E-211504B14A68}.Debug|Any CPU.ActiveCfg = Debug|Any CPU
		{3E75163B-131A-4D6F-856E-211504B14A68}.Debug|Any CPU.Build.0 = Debug|Any CPU
		{3E75163B-131A-4D6F-856E-211504B14A68}.Debug|Mixed Platforms.ActiveCfg = Debug|Any CPU
		{3E75163B-131A-4D6F-856E-211504B14A68}.Debug|Mixed Platforms.Build.0 = Debug|Any CPU
		{3E75163B-131A-4D6F-856E-211504B14A68}.Debug|x86.ActiveCfg = Debug|Any CPU
		{3E75163B-131A-4D6F-856E-211504B14A68}.Release|Any CPU.ActiveCfg = Release|Any CPU
		{3E75163B-131A-4D6F-856E-211504B14A68}.Release|Any CPU.Build.0 = Release|Any CPU
		{3E75163B-131A-4D6F-856E-211504B14A68}.Release|Mixed Platforms.ActiveCfg = Release|Any CPU
		{3E75163B-131A-4D6F-856E-211504B14A68}.Release|Mixed Platforms.Build.0 = Release|Any CPU
		{3E75163B-131A-4D6F-856E-211504B14A68}.Release|x86.ActiveCfg = Release|Any CPU
		{AB2BFBE4-62CE-4BB7-BC37-E3F8AAF789C0}.Debug|Any CPU.ActiveCfg = Debug|Any CPU
		{AB2BFBE4-62CE-4BB7-BC37-E3F8AAF789C0}.Debug|Any CPU.Build.0 = Debug|Any CPU
		{AB2BFBE4-62CE-4BB7-BC37-E3F8AAF789C0}.Debug|Mixed Platforms.ActiveCfg = Debug|Any CPU
		{AB2BFBE4-62CE-4BB7-BC37-E3F8AAF789C0}.Debug|Mixed Platforms.Build.0 = Debug|Any CPU
		{AB2BFBE4-62CE-4BB7-BC37-E3F8AAF789C0}.Debug|x86.ActiveCfg = Debug|Any CPU
		{AB2BFBE4-62CE-4BB7-BC37-E3F8AAF789C0}.Release|Any CPU.ActiveCfg = Release|Any CPU
		{AB2BFBE4-62CE-4BB7-BC37-E3F8AAF789C0}.Release|Any CPU.Build.0 = Release|Any CPU
		{AB2BFBE4-62CE-4BB7-BC37-E3F8AAF789C0}.Release|Mixed Platforms.ActiveCfg = Release|Any CPU
		{AB2BFBE4-62CE-4BB7-BC37-E3F8AAF789C0}.Release|Mixed Platforms.Build.0 = Release|Any CPU
		{AB2BFBE4-62CE-4BB7-BC37-E3F8AAF789C0}.Release|x86.ActiveCfg = Release|Any CPU
		{2F537275-3B9C-4914-B33E-E6AE6238F4B6}.Debug|Any CPU.ActiveCfg = Debug|Any CPU
		{2F537275-3B9C-4914-B33E-E6AE6238F4B6}.Debug|Any CPU.Build.0 = Debug|Any CPU
		{2F537275-3B9C-4914-B33E-E6AE6238F4B6}.Debug|Mixed Platforms.ActiveCfg = Debug|Any CPU
		{2F537275-3B9C-4914-B33E-E6AE6238F4B6}.Debug|Mixed Platforms.Build.0 = Debug|Any CPU
		{2F537275-3B9C-4914-B33E-E6AE6238F4B6}.Debug|x86.ActiveCfg = Debug|Any CPU
		{2F537275-3B9C-4914-B33E-E6AE6238F4B6}.Release|Any CPU.ActiveCfg = Release|Any CPU
		{2F537275-3B9C-4914-B33E-E6AE6238F4B6}.Release|Any CPU.Build.0 = Release|Any CPU
		{2F537275-3B9C-4914-B33E-E6AE6238F4B6}.Release|Mixed Platforms.ActiveCfg = Release|Any CPU
		{2F537275-3B9C-4914-B33E-E6AE6238F4B6}.Release|Mixed Platforms.Build.0 = Release|Any CPU
		{2F537275-3B9C-4914-B33E-E6AE6238F4B6}.Release|x86.ActiveCfg = Release|Any CPU
		{CFB3BE49-D78C-48D3-9238-A0DB2C2BA3A2}.Debug|Any CPU.ActiveCfg = Debug|Any CPU
		{CFB3BE49-D78C-48D3-9238-A0DB2C2BA3A2}.Debug|Any CPU.Build.0 = Debug|Any CPU
		{CFB3BE49-D78C-48D3-9238-A0DB2C2BA3A2}.Debug|Mixed Platforms.ActiveCfg = Debug|Any CPU
		{CFB3BE49-D78C-48D3-9238-A0DB2C2BA3A2}.Debug|Mixed Platforms.Build.0 = Debug|Any CPU
		{CFB3BE49-D78C-48D3-9238-A0DB2C2BA3A2}.Debug|x86.ActiveCfg = Debug|Any CPU
		{CFB3BE49-D78C-48D3-9238-A0DB2C2BA3A2}.Release|Any CPU.ActiveCfg = Release|Any CPU
		{CFB3BE49-D78C-48D3-9238-A0DB2C2BA3A2}.Release|Any CPU.Build.0 = Release|Any CPU
		{CFB3BE49-D78C-48D3-9238-A0DB2C2BA3A2}.Release|Mixed Platforms.ActiveCfg = Release|Any CPU
		{CFB3BE49-D78C-48D3-9238-A0DB2C2BA3A2}.Release|Mixed Platforms.Build.0 = Release|Any CPU
		{CFB3BE49-D78C-48D3-9238-A0DB2C2BA3A2}.Release|x86.ActiveCfg = Release|Any CPU
		{EAE0558B-E3E2-4378-8609-6914770DF377}.Debug|Any CPU.ActiveCfg = Debug|Any CPU
		{EAE0558B-E3E2-4378-8609-6914770DF377}.Debug|Any CPU.Build.0 = Debug|Any CPU
		{EAE0558B-E3E2-4378-8609-6914770DF377}.Debug|Mixed Platforms.ActiveCfg = Debug|Any CPU
		{EAE0558B-E3E2-4378-8609-6914770DF377}.Debug|Mixed Platforms.Build.0 = Debug|Any CPU
		{EAE0558B-E3E2-4378-8609-6914770DF377}.Debug|x86.ActiveCfg = Debug|Any CPU
		{EAE0558B-E3E2-4378-8609-6914770DF377}.Release|Any CPU.ActiveCfg = Release|Any CPU
		{EAE0558B-E3E2-4378-8609-6914770DF377}.Release|Any CPU.Build.0 = Release|Any CPU
		{EAE0558B-E3E2-4378-8609-6914770DF377}.Release|Mixed Platforms.ActiveCfg = Release|Any CPU
		{EAE0558B-E3E2-4378-8609-6914770DF377}.Release|Mixed Platforms.Build.0 = Release|Any CPU
		{EAE0558B-E3E2-4378-8609-6914770DF377}.Release|x86.ActiveCfg = Release|Any CPU
		{E4CDF809-D35C-4350-9F3C-C3FCE0018B06}.Debug|Any CPU.ActiveCfg = Debug|Any CPU
		{E4CDF809-D35C-4350-9F3C-C3FCE0018B06}.Debug|Any CPU.Build.0 = Debug|Any CPU
		{E4CDF809-D35C-4350-9F3C-C3FCE0018B06}.Debug|Mixed Platforms.ActiveCfg = Debug|Any CPU
		{E4CDF809-D35C-4350-9F3C-C3FCE0018B06}.Debug|Mixed Platforms.Build.0 = Debug|Any CPU
		{E4CDF809-D35C-4350-9F3C-C3FCE0018B06}.Debug|x86.ActiveCfg = Debug|Any CPU
		{E4CDF809-D35C-4350-9F3C-C3FCE0018B06}.Release|Any CPU.ActiveCfg = Release|Any CPU
		{E4CDF809-D35C-4350-9F3C-C3FCE0018B06}.Release|Any CPU.Build.0 = Release|Any CPU
		{E4CDF809-D35C-4350-9F3C-C3FCE0018B06}.Release|Mixed Platforms.ActiveCfg = Release|Any CPU
		{E4CDF809-D35C-4350-9F3C-C3FCE0018B06}.Release|Mixed Platforms.Build.0 = Release|Any CPU
		{E4CDF809-D35C-4350-9F3C-C3FCE0018B06}.Release|x86.ActiveCfg = Release|Any CPU
		{03D50FFC-8DF1-4DB2-B653-DC4D2E66F623}.Debug|Any CPU.ActiveCfg = Debug|Any CPU
		{03D50FFC-8DF1-4DB2-B653-DC4D2E66F623}.Debug|Any CPU.Build.0 = Debug|Any CPU
		{03D50FFC-8DF1-4DB2-B653-DC4D2E66F623}.Debug|Mixed Platforms.ActiveCfg = Debug|Any CPU
		{03D50FFC-8DF1-4DB2-B653-DC4D2E66F623}.Debug|Mixed Platforms.Build.0 = Debug|Any CPU
		{03D50FFC-8DF1-4DB2-B653-DC4D2E66F623}.Debug|x86.ActiveCfg = Debug|Any CPU
		{03D50FFC-8DF1-4DB2-B653-DC4D2E66F623}.Release|Any CPU.ActiveCfg = Release|Any CPU
		{03D50FFC-8DF1-4DB2-B653-DC4D2E66F623}.Release|Any CPU.Build.0 = Release|Any CPU
		{03D50FFC-8DF1-4DB2-B653-DC4D2E66F623}.Release|Mixed Platforms.ActiveCfg = Release|Any CPU
		{03D50FFC-8DF1-4DB2-B653-DC4D2E66F623}.Release|Mixed Platforms.Build.0 = Release|Any CPU
		{03D50FFC-8DF1-4DB2-B653-DC4D2E66F623}.Release|x86.ActiveCfg = Release|Any CPU
		{3CA4CEBF-B176-4303-A018-9026A8C9B44C}.Debug|Any CPU.ActiveCfg = Debug|Any CPU
		{3CA4CEBF-B176-4303-A018-9026A8C9B44C}.Debug|Any CPU.Build.0 = Debug|Any CPU
		{3CA4CEBF-B176-4303-A018-9026A8C9B44C}.Debug|Mixed Platforms.ActiveCfg = Debug|Any CPU
		{3CA4CEBF-B176-4303-A018-9026A8C9B44C}.Debug|Mixed Platforms.Build.0 = Debug|Any CPU
		{3CA4CEBF-B176-4303-A018-9026A8C9B44C}.Debug|x86.ActiveCfg = Debug|Any CPU
		{3CA4CEBF-B176-4303-A018-9026A8C9B44C}.Release|Any CPU.ActiveCfg = Release|Any CPU
		{3CA4CEBF-B176-4303-A018-9026A8C9B44C}.Release|Any CPU.Build.0 = Release|Any CPU
		{3CA4CEBF-B176-4303-A018-9026A8C9B44C}.Release|Mixed Platforms.ActiveCfg = Release|Any CPU
		{3CA4CEBF-B176-4303-A018-9026A8C9B44C}.Release|Mixed Platforms.Build.0 = Release|Any CPU
		{3CA4CEBF-B176-4303-A018-9026A8C9B44C}.Release|x86.ActiveCfg = Release|Any CPU
		{169B5112-DFA3-45F6-A8AD-AFA6F888D0B6}.Debug|Any CPU.ActiveCfg = Debug|Any CPU
		{169B5112-DFA3-45F6-A8AD-AFA6F888D0B6}.Debug|Any CPU.Build.0 = Debug|Any CPU
		{169B5112-DFA3-45F6-A8AD-AFA6F888D0B6}.Debug|Mixed Platforms.ActiveCfg = Debug|Any CPU
		{169B5112-DFA3-45F6-A8AD-AFA6F888D0B6}.Debug|Mixed Platforms.Build.0 = Debug|Any CPU
		{169B5112-DFA3-45F6-A8AD-AFA6F888D0B6}.Debug|x86.ActiveCfg = Debug|Any CPU
		{169B5112-DFA3-45F6-A8AD-AFA6F888D0B6}.Release|Any CPU.ActiveCfg = Release|Any CPU
		{169B5112-DFA3-45F6-A8AD-AFA6F888D0B6}.Release|Any CPU.Build.0 = Release|Any CPU
		{169B5112-DFA3-45F6-A8AD-AFA6F888D0B6}.Release|Mixed Platforms.ActiveCfg = Release|Any CPU
		{169B5112-DFA3-45F6-A8AD-AFA6F888D0B6}.Release|Mixed Platforms.Build.0 = Release|Any CPU
		{169B5112-DFA3-45F6-A8AD-AFA6F888D0B6}.Release|x86.ActiveCfg = Release|Any CPU
	EndGlobalSection
	GlobalSection(SolutionProperties) = preSolution
		HideSolutionNode = FALSE
	EndGlobalSection
	GlobalSection(NestedProjects) = preSolution
		{6EDA8BED-1F3E-4A58-ADDB-A4096FC394DD} = {F563C737-98D0-42B5-B2FF-CC9143347784}
		{734596B3-3329-4336-B41D-A0804C78B745} = {F563C737-98D0-42B5-B2FF-CC9143347784}
		{B7F60FFC-70E9-419C-A7E9-055458CA5BBB} = {F563C737-98D0-42B5-B2FF-CC9143347784}
		{98897FB0-F4F2-4EC7-A52B-C33A794825C0} = {734596B3-3329-4336-B41D-A0804C78B745}
		{AA03B289-390E-4A38-93A7-B4E9856B769D} = {734596B3-3329-4336-B41D-A0804C78B745}
		{431A7087-1C7A-4C5E-8619-3FE737D0C75C} = {734596B3-3329-4336-B41D-A0804C78B745}
		{6B8454F6-62C2-4A7F-A6A7-C3B9246836D2} = {734596B3-3329-4336-B41D-A0804C78B745}
		{0C8EFEDC-4DEB-4890-8BF9-B9E00B321FA6} = {431A7087-1C7A-4C5E-8619-3FE737D0C75C}
		{B9BB1932-D08F-4904-A8FC-A5F0AC25644A} = {6B8454F6-62C2-4A7F-A6A7-C3B9246836D2}
		{150D932B-1FB2-49B0-8FC0-C94A3711DBA9} = {B9BB1932-D08F-4904-A8FC-A5F0AC25644A}
		{7472F69A-82C6-4544-8FDC-346852767FD4} = {B9BB1932-D08F-4904-A8FC-A5F0AC25644A}
		{817CAAB0-318E-420E-9F0F-1992469613F1} = {B9BB1932-D08F-4904-A8FC-A5F0AC25644A}
		{3C69F362-12AD-45E1-B98B-9F52CDAC6254} = {817CAAB0-318E-420E-9F0F-1992469613F1}
	EndGlobalSection
EndGlobal
