
Microsoft Visual Studio Solution File, Format Version 12.00
# Visual Studio 2012
Project("{2150E333-8FDC-42A3-9474-1A3956D46DE8}") = "Cobos.Codegen", "Cobos.Codegen", "{F563C737-98D0-42B5-B2FF-CC9143347784}"
EndProject
Project("{2150E333-8FDC-42A3-9474-1A3956D46DE8}") = "Schemas", "Schemas", "{6EDA8BED-1F3E-4A58-ADDB-A4096FC394DD}"
	ProjectSection(SolutionItems) = preProject
		Cobos.Codegen\Schemas\DataModel.xsd = Cobos.Codegen\Schemas\DataModel.xsd
	EndProjectSection
EndProject
Project("{2150E333-8FDC-42A3-9474-1A3956D46DE8}") = "Stylesheets", "Stylesheets", "{734596B3-3329-4336-B41D-A0804C78B745}"
	ProjectSection(SolutionItems) = preProject
		Cobos.Codegen\Stylesheets\Common.xslt = Cobos.Codegen\Stylesheets\Common.xslt
	EndProjectSection
EndProject
Project("{2150E333-8FDC-42A3-9474-1A3956D46DE8}") = "DataModel", "DataModel", "{AA03B289-390E-4A38-93A7-B4E9856B769D}"
	ProjectSection(SolutionItems) = preProject
		Cobos.Codegen\Stylesheets\DataModel\Dataset.xslt = Cobos.Codegen\Stylesheets\DataModel\Dataset.xslt
		Cobos.Codegen\Stylesheets\DataModel\Expand.xslt = Cobos.Codegen\Stylesheets\DataModel\Expand.xslt
		Cobos.Codegen\Stylesheets\DataModel\Schema.xslt = Cobos.Codegen\Stylesheets\DataModel\Schema.xslt
	EndProjectSection
EndProject
Project("{2150E333-8FDC-42A3-9474-1A3956D46DE8}") = "Database", "Database", "{431A7087-1C7A-4C5E-8619-3FE737D0C75C}"
	ProjectSection(SolutionItems) = preProject
		Cobos.Codegen\Stylesheets\Database\DatabaseSchema.xslt = Cobos.Codegen\Stylesheets\Database\DatabaseSchema.xslt
		Cobos.Codegen\Stylesheets\Database\Merge.xslt = Cobos.Codegen\Stylesheets\Database\Merge.xslt
		Cobos.Codegen\Stylesheets\Database\Schema.xsd = Cobos.Codegen\Stylesheets\Database\Schema.xsd
		Cobos.Codegen\Stylesheets\Database\Schema.xslt = Cobos.Codegen\Stylesheets\Database\Schema.xslt
	EndProjectSection
EndProject
Project("{2150E333-8FDC-42A3-9474-1A3956D46DE8}") = "Classes", "Classes", "{6B8454F6-62C2-4A7F-A6A7-C3B9246836D2}"
EndProject
Project("{2150E333-8FDC-42A3-9474-1A3956D46DE8}") = "CSharp", "CSharp", "{B9BB1932-D08F-4904-A8FC-A5F0AC25644A}"
	ProjectSection(SolutionItems) = preProject
		Cobos.Codegen\Stylesheets\Classes\CSharp\Classes.xslt = Cobos.Codegen\Stylesheets\Classes\CSharp\Classes.xslt
		Cobos.Codegen\Stylesheets\Classes\CSharp\Custom.xslt = Cobos.Codegen\Stylesheets\Classes\CSharp\Custom.xslt
		Cobos.Codegen\Stylesheets\Classes\CSharp\Enum.xslt = Cobos.Codegen\Stylesheets\Classes\CSharp\Enum.xslt
	EndProjectSection
EndProject
Project("{2150E333-8FDC-42A3-9474-1A3956D46DE8}") = "Class", "Class", "{150D932B-1FB2-49B0-8FC0-C94A3711DBA9}"
	ProjectSection(SolutionItems) = preProject
		Cobos.Codegen\Stylesheets\Classes\CSharp\Class\Body.xslt = Cobos.Codegen\Stylesheets\Classes\CSharp\Class\Body.xslt
		Cobos.Codegen\Stylesheets\Classes\CSharp\Class\Class.xslt = Cobos.Codegen\Stylesheets\Classes\CSharp\Class\Class.xslt
		Cobos.Codegen\Stylesheets\Classes\CSharp\Class\Constructor.xslt = Cobos.Codegen\Stylesheets\Classes\CSharp\Class\Constructor.xslt
		Cobos.Codegen\Stylesheets\Classes\CSharp\Class\IDisposable.xslt = Cobos.Codegen\Stylesheets\Classes\CSharp\Class\IDisposable.xslt
		Cobos.Codegen\Stylesheets\Classes\CSharp\Class\Members.xslt = Cobos.Codegen\Stylesheets\Classes\CSharp\Class\Members.xslt
	EndProjectSection
EndProject
Project("{2150E333-8FDC-42A3-9474-1A3956D46DE8}") = "Properties", "Properties", "{7472F69A-82C6-4544-8FDC-346852767FD4}"
	ProjectSection(SolutionItems) = preProject
		Cobos.Codegen\Stylesheets\Classes\CSharp\Properties\Body.xslt = Cobos.Codegen\Stylesheets\Classes\CSharp\Properties\Body.xslt
		Cobos.Codegen\Stylesheets\Classes\CSharp\Properties\Properties.xslt = Cobos.Codegen\Stylesheets\Classes\CSharp\Properties\Properties.xslt
		Cobos.Codegen\Stylesheets\Classes\CSharp\Properties\Types.xslt = Cobos.Codegen\Stylesheets\Classes\CSharp\Properties\Types.xslt
	EndProjectSection
EndProject
Project("{2150E333-8FDC-42A3-9474-1A3956D46DE8}") = "TableAdapter", "TableAdapter", "{817CAAB0-318E-420E-9F0F-1992469613F1}"
	ProjectSection(SolutionItems) = preProject
		Cobos.Codegen\Stylesheets\Classes\CSharp\TableAdapter\Changes.xslt = Cobos.Codegen\Stylesheets\Classes\CSharp\TableAdapter\Changes.xslt
		Cobos.Codegen\Stylesheets\Classes\CSharp\TableAdapter\Delegates.xslt = Cobos.Codegen\Stylesheets\Classes\CSharp\TableAdapter\Delegates.xslt
		Cobos.Codegen\Stylesheets\Classes\CSharp\TableAdapter\Delete.xslt = Cobos.Codegen\Stylesheets\Classes\CSharp\TableAdapter\Delete.xslt
		Cobos.Codegen\Stylesheets\Classes\CSharp\TableAdapter\Find.xslt = Cobos.Codegen\Stylesheets\Classes\CSharp\TableAdapter\Find.xslt
		Cobos.Codegen\Stylesheets\Classes\CSharp\TableAdapter\Insert.xslt = Cobos.Codegen\Stylesheets\Classes\CSharp\TableAdapter\Insert.xslt
		Cobos.Codegen\Stylesheets\Classes\CSharp\TableAdapter\New.xslt = Cobos.Codegen\Stylesheets\Classes\CSharp\TableAdapter\New.xslt
		Cobos.Codegen\Stylesheets\Classes\CSharp\TableAdapter\Select.xslt = Cobos.Codegen\Stylesheets\Classes\CSharp\TableAdapter\Select.xslt
		Cobos.Codegen\Stylesheets\Classes\CSharp\TableAdapter\TableAdapter.xslt = Cobos.Codegen\Stylesheets\Classes\CSharp\TableAdapter\TableAdapter.xslt
		Cobos.Codegen\Stylesheets\Classes\CSharp\TableAdapter\Update.xslt = Cobos.Codegen\Stylesheets\Classes\CSharp\TableAdapter\Update.xslt
	EndProjectSection
EndProject
Project("{2150E333-8FDC-42A3-9474-1A3956D46DE8}") = "Sql", "Sql", "{3C69F362-12AD-45E1-B98B-9F52CDAC6254}"
	ProjectSection(SolutionItems) = preProject
		Cobos.Codegen\Stylesheets\Classes\CSharp\TableAdapter\Sql\Delete.xslt = Cobos.Codegen\Stylesheets\Classes\CSharp\TableAdapter\Sql\Delete.xslt
		Cobos.Codegen\Stylesheets\Classes\CSharp\TableAdapter\Sql\GroupBy.xslt = Cobos.Codegen\Stylesheets\Classes\CSharp\TableAdapter\Sql\GroupBy.xslt
		Cobos.Codegen\Stylesheets\Classes\CSharp\TableAdapter\Sql\Having.xslt = Cobos.Codegen\Stylesheets\Classes\CSharp\TableAdapter\Sql\Having.xslt
		Cobos.Codegen\Stylesheets\Classes\CSharp\TableAdapter\Sql\Insert.xslt = Cobos.Codegen\Stylesheets\Classes\CSharp\TableAdapter\Sql\Insert.xslt
		Cobos.Codegen\Stylesheets\Classes\CSharp\TableAdapter\Sql\Join.xslt = Cobos.Codegen\Stylesheets\Classes\CSharp\TableAdapter\Sql\Join.xslt
		Cobos.Codegen\Stylesheets\Classes\CSharp\TableAdapter\Sql\OrderBy.xslt = Cobos.Codegen\Stylesheets\Classes\CSharp\TableAdapter\Sql\OrderBy.xslt
		Cobos.Codegen\Stylesheets\Classes\CSharp\TableAdapter\Sql\Select.xslt = Cobos.Codegen\Stylesheets\Classes\CSharp\TableAdapter\Sql\Select.xslt
		Cobos.Codegen\Stylesheets\Classes\CSharp\TableAdapter\Sql\Sql.xslt = Cobos.Codegen\Stylesheets\Classes\CSharp\TableAdapter\Sql\Sql.xslt
		Cobos.Codegen\Stylesheets\Classes\CSharp\TableAdapter\Sql\Update.xslt = Cobos.Codegen\Stylesheets\Classes\CSharp\TableAdapter\Sql\Update.xslt
		Cobos.Codegen\Stylesheets\Classes\CSharp\TableAdapter\Sql\Where.xslt = Cobos.Codegen\Stylesheets\Classes\CSharp\TableAdapter\Sql\Where.xslt
	EndProjectSection
EndProject
Project("{2150E333-8FDC-42A3-9474-1A3956D46DE8}") = "MSBuild", "MSBuild", "{B7F60FFC-70E9-419C-A7E9-055458CA5BBB}"
	ProjectSection(SolutionItems) = preProject
		Cobos.Codegen\MSBuild\cobos.codegen.net35.targets = Cobos.Codegen\MSBuild\cobos.codegen.net35.targets
		Cobos.Codegen\MSBuild\cobos.codegen.net45.targets = Cobos.Codegen\MSBuild\cobos.codegen.net45.targets
	EndProjectSection
EndProject
Project("{FAE04EC0-301F-11D3-BF4B-00C04F79EFBC}") = "Cobos.Utilities (NET35)", "Cobos.Utilities (NET35)\Cobos.Utilities (NET35).csproj", "{97E05107-67B6-401E-B34F-9EFBEC81EB05}"
EndProject
Project("{FAE04EC0-301F-11D3-BF4B-00C04F79EFBC}") = "Cobos.Utilities.Tests (NET35)", "Cobos.Utilities.Tests (NET35)\Cobos.Utilities.Tests (NET35).csproj", "{3C92257A-8265-4787-B8CA-B8F70357F4B3}"
EndProject
Project("{FAE04EC0-301F-11D3-BF4B-00C04F79EFBC}") = "Cobos.Web.Utilities (NET35)", "Cobos.Web.Utilities (NET35)\Cobos.Web.Utilities (NET35).csproj", "{582F9F9B-E6E8-4D7D-B5AD-AAE116C47029}"
EndProject
Project("{FAE04EC0-301F-11D3-BF4B-00C04F79EFBC}") = "Cobos.Data (NET35)", "Cobos.Data (NET35)\Cobos.Data (NET35).csproj", "{F2609602-12E4-47FD-90FB-CC17526EC27B}"
EndProject
Project("{FAE04EC0-301F-11D3-BF4B-00C04F79EFBC}") = "Cobos.Data.Tests (NET35)", "Cobos.Data.Tests (NET35)\Cobos.Data.Tests (NET35).csproj", "{68BF847D-36AF-42ED-8F98-68DA5C51D767}"
EndProject
Project("{FAE04EC0-301F-11D3-BF4B-00C04F79EFBC}") = "Cobos.Codegen.Tests (NET35)", "Cobos.Codegen.Tests (NET35)\Cobos.Codegen.Tests (NET35).csproj", "{C5F98FF0-E39E-41DD-A077-F30BE5E4BBC6}"
EndProject
Project("{FAE04EC0-301F-11D3-BF4B-00C04F79EFBC}") = "Cobos.Data.MySql (NET35)", "Cobos.Data.MySql (NET35)\Cobos.Data.MySql (NET35).csproj", "{A7879F26-9B47-478A-9675-4D926638418A}"
EndProject
Project("{FAE04EC0-301F-11D3-BF4B-00C04F79EFBC}") = "Cobos.Data.Oracle (NET35)", "Cobos.Data.Oracle (NET35)\Cobos.Data.Oracle (NET35).csproj", "{BE371019-2B99-4766-A47B-0A438B42E8B7}"
EndProject
Project("{FAE04EC0-301F-11D3-BF4B-00C04F79EFBC}") = "Cobos.Script (NET35)", "Cobos.Script (NET35)\Cobos.Script (NET35).csproj", "{E63897F1-8E05-44E4-A050-AD53029E6B7D}"
EndProject
Project("{FAE04EC0-301F-11D3-BF4B-00C04F79EFBC}") = "Cobos.ScriptEngine (NET35)", "Cobos.ScriptEngine (NET35)\Cobos.ScriptEngine (NET35).csproj", "{3E4222B3-81D7-48CE-B810-0F64BFB19516}"
EndProject
Project("{FAE04EC0-301F-11D3-BF4B-00C04F79EFBC}") = "Cobos.Script.Tests (NET35)", "Cobos.Script.Tests (NET35)\Cobos.Script.Tests (NET35).csproj", "{F02E5BDF-CC9C-4D12-B86D-3DF6E9D4F2B7}"
EndProject
Project("{FAE04EC0-301F-11D3-BF4B-00C04F79EFBC}") = "Cobos.Build.Targets (NET35)", "Cobos.Build.Targets (NET35)\Cobos.Build.Targets (NET35).csproj", "{FBB19ED0-C1E5-43D0-A54D-8A55D9B4F356}"
EndProject
Project("{FAE04EC0-301F-11D3-BF4B-00C04F79EFBC}") = "Cobos.Build.Targets.Tests (NET35)", "Cobos.Build.Targets.Tests (NET35)\Cobos.Build.Targets.Tests (NET35).csproj", "{90F7BC89-6D9F-4404-9E13-A14F52654D49}"
EndProject
Project("{2150E333-8FDC-42A3-9474-1A3956D46DE8}") = "Utilities", "Utilities", "{273790B0-BE8F-4F32-BEA9-78C50ADD1E23}"
	ProjectSection(SolutionItems) = preProject
		Cobos.Codegen\Stylesheets\Utilities\Boilerplate.xslt = Cobos.Codegen\Stylesheets\Utilities\Boilerplate.xslt
		Cobos.Codegen\Stylesheets\Utilities\Formatting.xslt = Cobos.Codegen\Stylesheets\Utilities\Formatting.xslt
		Cobos.Codegen\Stylesheets\Utilities\Nodes.xslt = Cobos.Codegen\Stylesheets\Utilities\Nodes.xslt
		Cobos.Codegen\Stylesheets\Utilities\Strings.xslt = Cobos.Codegen\Stylesheets\Utilities\Strings.xslt
	EndProjectSection
EndProject
Global
	GlobalSection(SolutionConfigurationPlatforms) = preSolution
		Debug|Any CPU = Debug|Any CPU
		Release|Any CPU = Release|Any CPU
	EndGlobalSection
	GlobalSection(ProjectConfigurationPlatforms) = postSolution
		{97E05107-67B6-401E-B34F-9EFBEC81EB05}.Debug|Any CPU.ActiveCfg = Debug|Any CPU
		{97E05107-67B6-401E-B34F-9EFBEC81EB05}.Debug|Any CPU.Build.0 = Debug|Any CPU
		{97E05107-67B6-401E-B34F-9EFBEC81EB05}.Release|Any CPU.ActiveCfg = Release|Any CPU
		{97E05107-67B6-401E-B34F-9EFBEC81EB05}.Release|Any CPU.Build.0 = Release|Any CPU
		{3C92257A-8265-4787-B8CA-B8F70357F4B3}.Debug|Any CPU.ActiveCfg = Debug|Any CPU
		{3C92257A-8265-4787-B8CA-B8F70357F4B3}.Debug|Any CPU.Build.0 = Debug|Any CPU
		{3C92257A-8265-4787-B8CA-B8F70357F4B3}.Release|Any CPU.ActiveCfg = Release|Any CPU
		{3C92257A-8265-4787-B8CA-B8F70357F4B3}.Release|Any CPU.Build.0 = Release|Any CPU
		{582F9F9B-E6E8-4D7D-B5AD-AAE116C47029}.Debug|Any CPU.ActiveCfg = Debug|Any CPU
		{582F9F9B-E6E8-4D7D-B5AD-AAE116C47029}.Debug|Any CPU.Build.0 = Debug|Any CPU
		{582F9F9B-E6E8-4D7D-B5AD-AAE116C47029}.Release|Any CPU.ActiveCfg = Release|Any CPU
		{582F9F9B-E6E8-4D7D-B5AD-AAE116C47029}.Release|Any CPU.Build.0 = Release|Any CPU
		{F2609602-12E4-47FD-90FB-CC17526EC27B}.Debug|Any CPU.ActiveCfg = Debug|Any CPU
		{F2609602-12E4-47FD-90FB-CC17526EC27B}.Debug|Any CPU.Build.0 = Debug|Any CPU
		{F2609602-12E4-47FD-90FB-CC17526EC27B}.Release|Any CPU.ActiveCfg = Release|Any CPU
		{F2609602-12E4-47FD-90FB-CC17526EC27B}.Release|Any CPU.Build.0 = Release|Any CPU
		{68BF847D-36AF-42ED-8F98-68DA5C51D767}.Debug|Any CPU.ActiveCfg = Debug|Any CPU
		{68BF847D-36AF-42ED-8F98-68DA5C51D767}.Debug|Any CPU.Build.0 = Debug|Any CPU
		{68BF847D-36AF-42ED-8F98-68DA5C51D767}.Release|Any CPU.ActiveCfg = Release|Any CPU
		{68BF847D-36AF-42ED-8F98-68DA5C51D767}.Release|Any CPU.Build.0 = Release|Any CPU
		{C5F98FF0-E39E-41DD-A077-F30BE5E4BBC6}.Debug|Any CPU.ActiveCfg = Debug|Any CPU
		{C5F98FF0-E39E-41DD-A077-F30BE5E4BBC6}.Debug|Any CPU.Build.0 = Debug|Any CPU
		{C5F98FF0-E39E-41DD-A077-F30BE5E4BBC6}.Release|Any CPU.ActiveCfg = Release|Any CPU
		{C5F98FF0-E39E-41DD-A077-F30BE5E4BBC6}.Release|Any CPU.Build.0 = Release|Any CPU
		{A7879F26-9B47-478A-9675-4D926638418A}.Debug|Any CPU.ActiveCfg = Debug|Any CPU
		{A7879F26-9B47-478A-9675-4D926638418A}.Debug|Any CPU.Build.0 = Debug|Any CPU
		{A7879F26-9B47-478A-9675-4D926638418A}.Release|Any CPU.ActiveCfg = Release|Any CPU
		{A7879F26-9B47-478A-9675-4D926638418A}.Release|Any CPU.Build.0 = Release|Any CPU
		{BE371019-2B99-4766-A47B-0A438B42E8B7}.Debug|Any CPU.ActiveCfg = Debug|Any CPU
		{BE371019-2B99-4766-A47B-0A438B42E8B7}.Debug|Any CPU.Build.0 = Debug|Any CPU
		{BE371019-2B99-4766-A47B-0A438B42E8B7}.Release|Any CPU.ActiveCfg = Release|Any CPU
		{BE371019-2B99-4766-A47B-0A438B42E8B7}.Release|Any CPU.Build.0 = Release|Any CPU
		{E63897F1-8E05-44E4-A050-AD53029E6B7D}.Debug|Any CPU.ActiveCfg = Debug|Any CPU
		{E63897F1-8E05-44E4-A050-AD53029E6B7D}.Debug|Any CPU.Build.0 = Debug|Any CPU
		{E63897F1-8E05-44E4-A050-AD53029E6B7D}.Release|Any CPU.ActiveCfg = Release|Any CPU
		{E63897F1-8E05-44E4-A050-AD53029E6B7D}.Release|Any CPU.Build.0 = Release|Any CPU
		{3E4222B3-81D7-48CE-B810-0F64BFB19516}.Debug|Any CPU.ActiveCfg = Debug|Any CPU
		{3E4222B3-81D7-48CE-B810-0F64BFB19516}.Debug|Any CPU.Build.0 = Debug|Any CPU
		{3E4222B3-81D7-48CE-B810-0F64BFB19516}.Release|Any CPU.ActiveCfg = Release|Any CPU
		{3E4222B3-81D7-48CE-B810-0F64BFB19516}.Release|Any CPU.Build.0 = Release|Any CPU
		{F02E5BDF-CC9C-4D12-B86D-3DF6E9D4F2B7}.Debug|Any CPU.ActiveCfg = Debug|Any CPU
		{F02E5BDF-CC9C-4D12-B86D-3DF6E9D4F2B7}.Debug|Any CPU.Build.0 = Debug|Any CPU
		{F02E5BDF-CC9C-4D12-B86D-3DF6E9D4F2B7}.Release|Any CPU.ActiveCfg = Release|Any CPU
		{F02E5BDF-CC9C-4D12-B86D-3DF6E9D4F2B7}.Release|Any CPU.Build.0 = Release|Any CPU
		{FBB19ED0-C1E5-43D0-A54D-8A55D9B4F356}.Debug|Any CPU.ActiveCfg = Debug|Any CPU
		{FBB19ED0-C1E5-43D0-A54D-8A55D9B4F356}.Debug|Any CPU.Build.0 = Debug|Any CPU
		{FBB19ED0-C1E5-43D0-A54D-8A55D9B4F356}.Release|Any CPU.ActiveCfg = Release|Any CPU
		{FBB19ED0-C1E5-43D0-A54D-8A55D9B4F356}.Release|Any CPU.Build.0 = Release|Any CPU
		{FBB19ED0-C1E5-43D0-A54D-8A55D9B4F356}.Release|Any CPU.Deploy.0 = Release|Any CPU
		{90F7BC89-6D9F-4404-9E13-A14F52654D49}.Debug|Any CPU.ActiveCfg = Debug|Any CPU
		{90F7BC89-6D9F-4404-9E13-A14F52654D49}.Debug|Any CPU.Build.0 = Debug|Any CPU
		{90F7BC89-6D9F-4404-9E13-A14F52654D49}.Release|Any CPU.ActiveCfg = Release|Any CPU
		{90F7BC89-6D9F-4404-9E13-A14F52654D49}.Release|Any CPU.Build.0 = Release|Any CPU
	EndGlobalSection
	GlobalSection(SolutionProperties) = preSolution
		HideSolutionNode = FALSE
	EndGlobalSection
	GlobalSection(NestedProjects) = preSolution
		{6EDA8BED-1F3E-4A58-ADDB-A4096FC394DD} = {F563C737-98D0-42B5-B2FF-CC9143347784}
		{734596B3-3329-4336-B41D-A0804C78B745} = {F563C737-98D0-42B5-B2FF-CC9143347784}
		{B7F60FFC-70E9-419C-A7E9-055458CA5BBB} = {F563C737-98D0-42B5-B2FF-CC9143347784}
		{AA03B289-390E-4A38-93A7-B4E9856B769D} = {734596B3-3329-4336-B41D-A0804C78B745}
		{431A7087-1C7A-4C5E-8619-3FE737D0C75C} = {734596B3-3329-4336-B41D-A0804C78B745}
		{6B8454F6-62C2-4A7F-A6A7-C3B9246836D2} = {734596B3-3329-4336-B41D-A0804C78B745}
		{273790B0-BE8F-4F32-BEA9-78C50ADD1E23} = {734596B3-3329-4336-B41D-A0804C78B745}
		{B9BB1932-D08F-4904-A8FC-A5F0AC25644A} = {6B8454F6-62C2-4A7F-A6A7-C3B9246836D2}
		{150D932B-1FB2-49B0-8FC0-C94A3711DBA9} = {B9BB1932-D08F-4904-A8FC-A5F0AC25644A}
		{7472F69A-82C6-4544-8FDC-346852767FD4} = {B9BB1932-D08F-4904-A8FC-A5F0AC25644A}
		{817CAAB0-318E-420E-9F0F-1992469613F1} = {B9BB1932-D08F-4904-A8FC-A5F0AC25644A}
		{3C69F362-12AD-45E1-B98B-9F52CDAC6254} = {817CAAB0-318E-420E-9F0F-1992469613F1}
	EndGlobalSection
EndGlobal
