
Microsoft Visual Studio Solution File, Format Version 12.00
# Visual Studio 2012
Project("{2150E333-8FDC-42A3-9474-1A3956D46DE8}") = "Cobos.Codegen", "Cobos.Codegen", "{F563C737-98D0-42B5-B2FF-CC9143347784}"
EndProject
Project("{2150E333-8FDC-42A3-9474-1A3956D46DE8}") = "Schemas", "Schemas", "{6EDA8BED-1F3E-4A58-ADDB-A4096FC394DD}"
	ProjectSection(SolutionItems) = preProject
		Cobos.Codegen\Schemas\DataModel.xsd = Cobos.Codegen\Schemas\DataModel.xsd
	EndProjectSection
EndProject
Project("{2150E333-8FDC-42A3-9474-1A3956D46DE8}") = "Stylesheets", "Stylesheets", "{734596B3-3329-4336-B41D-A0804C78B745}"
EndProject
Project("{2150E333-8FDC-42A3-9474-1A3956D46DE8}") = "DataModel", "DataModel", "{AA03B289-390E-4A38-93A7-B4E9856B769D}"
	ProjectSection(SolutionItems) = preProject
		Cobos.Codegen\Stylesheets\DataModel\Dataset.xslt = Cobos.Codegen\Stylesheets\DataModel\Dataset.xslt
		Cobos.Codegen\Stylesheets\DataModel\Process.xslt = Cobos.Codegen\Stylesheets\DataModel\Process.xslt
		Cobos.Codegen\Stylesheets\DataModel\Schema.xslt = Cobos.Codegen\Stylesheets\DataModel\Schema.xslt
	EndProjectSection
EndProject
Project("{2150E333-8FDC-42A3-9474-1A3956D46DE8}") = "Database", "Database", "{431A7087-1C7A-4C5E-8619-3FE737D0C75C}"
	ProjectSection(SolutionItems) = preProject
		Cobos.Codegen\Stylesheets\Database\DatabaseSchema.xslt = Cobos.Codegen\Stylesheets\Database\DatabaseSchema.xslt
		Cobos.Codegen\Stylesheets\Database\DatabaseVariables.xslt = Cobos.Codegen\Stylesheets\Database\DatabaseVariables.xslt
	EndProjectSection
EndProject
Project("{2150E333-8FDC-42A3-9474-1A3956D46DE8}") = "MSBuild", "MSBuild", "{B7F60FFC-70E9-419C-A7E9-055458CA5BBB}"
	ProjectSection(SolutionItems) = preProject
		Cobos.Codegen\MSBuild\cobos.codegen.net35.targets = Cobos.Codegen\MSBuild\cobos.codegen.net35.targets
		Cobos.Codegen\MSBuild\cobos.codegen.net45.targets = Cobos.Codegen\MSBuild\cobos.codegen.net45.targets
		Cobos.Codegen\MSBuild\cobos.codegen.targets = Cobos.Codegen\MSBuild\cobos.codegen.targets
	EndProjectSection
EndProject
Project("{FAE04EC0-301F-11D3-BF4B-00C04F79EFBC}") = "Cobos.Utilities (NET35)", "Cobos.Utilities\NET35\Cobos.Utilities (NET35).csproj", "{97E05107-67B6-401E-B34F-9EFBEC81EB05}"
EndProject
Project("{FAE04EC0-301F-11D3-BF4B-00C04F79EFBC}") = "Cobos.Utilities.Tests (NET35)", "Cobos.Utilities.Tests\NET35\Cobos.Utilities.Tests (NET35).csproj", "{3C92257A-8265-4787-B8CA-B8F70357F4B3}"
EndProject
Project("{FAE04EC0-301F-11D3-BF4B-00C04F79EFBC}") = "Cobos.Web.Utilities (NET35)", "Cobos.Web.Utilities\NET35\Cobos.Web.Utilities (NET35).csproj", "{582F9F9B-E6E8-4D7D-B5AD-AAE116C47029}"
EndProject
Project("{FAE04EC0-301F-11D3-BF4B-00C04F79EFBC}") = "Cobos.Data (NET35)", "Cobos.Data\NET35\Cobos.Data (NET35).csproj", "{F2609602-12E4-47FD-90FB-CC17526EC27B}"
EndProject
Project("{FAE04EC0-301F-11D3-BF4B-00C04F79EFBC}") = "Cobos.Data.Tests (NET35)", "Cobos.Data.Tests\NET35\Cobos.Data.Tests (NET35).csproj", "{68BF847D-36AF-42ED-8F98-68DA5C51D767}"
EndProject
Project("{FAE04EC0-301F-11D3-BF4B-00C04F79EFBC}") = "Cobos.Codegen.Tests (NET35)", "Cobos.Codegen.Tests\NET35\Cobos.Codegen.Tests (NET35).csproj", "{C5F98FF0-E39E-41DD-A077-F30BE5E4BBC6}"
	ProjectSection(ProjectDependencies) = postProject
		{82A26C2B-B006-4C73-9999-A1CB22DFD2AE} = {82A26C2B-B006-4C73-9999-A1CB22DFD2AE}
		{93A5AC57-D60D-4D8D-B1C5-B0EFBAB5DD6B} = {93A5AC57-D60D-4D8D-B1C5-B0EFBAB5DD6B}
		{FBB19ED0-C1E5-43D0-A54D-8A55D9B4F356} = {FBB19ED0-C1E5-43D0-A54D-8A55D9B4F356}
	EndProjectSection
EndProject
Project("{FAE04EC0-301F-11D3-BF4B-00C04F79EFBC}") = "Cobos.Script (NET35)", "Cobos.Script\NET35\Cobos.Script (NET35).csproj", "{E63897F1-8E05-44E4-A050-AD53029E6B7D}"
EndProject
Project("{FAE04EC0-301F-11D3-BF4B-00C04F79EFBC}") = "Cobos.ScriptEngine (NET35)", "Cobos.ScriptEngine\NET35\Cobos.ScriptEngine (NET35).csproj", "{3E4222B3-81D7-48CE-B810-0F64BFB19516}"
EndProject
Project("{FAE04EC0-301F-11D3-BF4B-00C04F79EFBC}") = "Cobos.Script.Tests (NET35)", "Cobos.Script.Tests\NET35\Cobos.Script.Tests (NET35).csproj", "{F02E5BDF-CC9C-4D12-B86D-3DF6E9D4F2B7}"
EndProject
Project("{FAE04EC0-301F-11D3-BF4B-00C04F79EFBC}") = "Cobos.Build.Targets (NET35)", "Cobos.Build.Targets\NET35\Cobos.Build.Targets (NET35).csproj", "{FBB19ED0-C1E5-43D0-A54D-8A55D9B4F356}"
	ProjectSection(ProjectDependencies) = postProject
		{82A26C2B-B006-4C73-9999-A1CB22DFD2AE} = {82A26C2B-B006-4C73-9999-A1CB22DFD2AE}
		{93A5AC57-D60D-4D8D-B1C5-B0EFBAB5DD6B} = {93A5AC57-D60D-4D8D-B1C5-B0EFBAB5DD6B}
	EndProjectSection
EndProject
Project("{FAE04EC0-301F-11D3-BF4B-00C04F79EFBC}") = "Cobos.Build.Targets.Tests (NET35)", "Cobos.Build.Targets.Tests\NET35\Cobos.Build.Targets.Tests (NET35).csproj", "{90F7BC89-6D9F-4404-9E13-A14F52654D49}"
EndProject
Project("{2150E333-8FDC-42A3-9474-1A3956D46DE8}") = "Utilities", "Utilities", "{273790B0-BE8F-4F32-BEA9-78C50ADD1E23}"
	ProjectSection(SolutionItems) = preProject
		Cobos.Codegen\Stylesheets\Utilities\Boilerplate.xslt = Cobos.Codegen\Stylesheets\Utilities\Boilerplate.xslt
		Cobos.Codegen\Stylesheets\Utilities\Formatting.xslt = Cobos.Codegen\Stylesheets\Utilities\Formatting.xslt
		Cobos.Codegen\Stylesheets\Utilities\Indent.xslt = Cobos.Codegen\Stylesheets\Utilities\Indent.xslt
		Cobos.Codegen\Stylesheets\Utilities\Names.xslt = Cobos.Codegen\Stylesheets\Utilities\Names.xslt
		Cobos.Codegen\Stylesheets\Utilities\Nodes.xslt = Cobos.Codegen\Stylesheets\Utilities\Nodes.xslt
		Cobos.Codegen\Stylesheets\Utilities\Strings.xslt = Cobos.Codegen\Stylesheets\Utilities\Strings.xslt
		Cobos.Codegen\Stylesheets\Utilities\Types.xslt = Cobos.Codegen\Stylesheets\Utilities\Types.xslt
		Cobos.Codegen\Stylesheets\Utilities\Utilities.inc = Cobos.Codegen\Stylesheets\Utilities\Utilities.inc
	EndProjectSection
EndProject
Project("{2150E333-8FDC-42A3-9474-1A3956D46DE8}") = "DataAdapter", "DataAdapter", "{B9C49C90-575E-4052-8102-79DB9B3A45AC}"
EndProject
Project("{2150E333-8FDC-42A3-9474-1A3956D46DE8}") = "DataObject", "DataObject", "{BED69449-CA17-49A5-BA94-6F44F66AC4C4}"
EndProject
Project("{2150E333-8FDC-42A3-9474-1A3956D46DE8}") = "CSharp", "CSharp", "{AE258B1C-8C63-4BA3-8571-73BD2BBB939C}"
	ProjectSection(SolutionItems) = preProject
		Cobos.Codegen\Stylesheets\DataObject\CSharp\DataObject.xslt = Cobos.Codegen\Stylesheets\DataObject\CSharp\DataObject.xslt
	EndProjectSection
EndProject
Project("{2150E333-8FDC-42A3-9474-1A3956D46DE8}") = "CSharp", "CSharp", "{BD704BFB-F020-4AB5-9995-60F66CCBCEC3}"
	ProjectSection(SolutionItems) = preProject
		Cobos.Codegen\Stylesheets\DataAdapter\CSharp\DataAdapter.xslt = Cobos.Codegen\Stylesheets\DataAdapter\CSharp\DataAdapter.xslt
	EndProjectSection
EndProject
Project("{2150E333-8FDC-42A3-9474-1A3956D46DE8}") = "Sql", "Sql", "{F8E0053F-B9C2-457D-8BB7-5305AB9A3079}"
	ProjectSection(SolutionItems) = preProject
		Cobos.Codegen\Stylesheets\DataAdapter\CSharp\Sql\Delete.xslt = Cobos.Codegen\Stylesheets\DataAdapter\CSharp\Sql\Delete.xslt
		Cobos.Codegen\Stylesheets\DataAdapter\CSharp\Sql\GroupBy.xslt = Cobos.Codegen\Stylesheets\DataAdapter\CSharp\Sql\GroupBy.xslt
		Cobos.Codegen\Stylesheets\DataAdapter\CSharp\Sql\Having.xslt = Cobos.Codegen\Stylesheets\DataAdapter\CSharp\Sql\Having.xslt
		Cobos.Codegen\Stylesheets\DataAdapter\CSharp\Sql\Insert.xslt = Cobos.Codegen\Stylesheets\DataAdapter\CSharp\Sql\Insert.xslt
		Cobos.Codegen\Stylesheets\DataAdapter\CSharp\Sql\Join.xslt = Cobos.Codegen\Stylesheets\DataAdapter\CSharp\Sql\Join.xslt
		Cobos.Codegen\Stylesheets\DataAdapter\CSharp\Sql\OrderBy.xslt = Cobos.Codegen\Stylesheets\DataAdapter\CSharp\Sql\OrderBy.xslt
		Cobos.Codegen\Stylesheets\DataAdapter\CSharp\Sql\Select.xslt = Cobos.Codegen\Stylesheets\DataAdapter\CSharp\Sql\Select.xslt
		Cobos.Codegen\Stylesheets\DataAdapter\CSharp\Sql\Sql.inc = Cobos.Codegen\Stylesheets\DataAdapter\CSharp\Sql\Sql.inc
		Cobos.Codegen\Stylesheets\DataAdapter\CSharp\Sql\Update.xslt = Cobos.Codegen\Stylesheets\DataAdapter\CSharp\Sql\Update.xslt
		Cobos.Codegen\Stylesheets\DataAdapter\CSharp\Sql\Values.xslt = Cobos.Codegen\Stylesheets\DataAdapter\CSharp\Sql\Values.xslt
		Cobos.Codegen\Stylesheets\DataAdapter\CSharp\Sql\Where.xslt = Cobos.Codegen\Stylesheets\DataAdapter\CSharp\Sql\Where.xslt
	EndProjectSection
EndProject
Project("{2150E333-8FDC-42A3-9474-1A3956D46DE8}") = "Methods", "Methods", "{B8FC66D4-BA89-491A-8DF7-D1FCDBB74F8F}"
	ProjectSection(SolutionItems) = preProject
		Cobos.Codegen\Stylesheets\DataAdapter\CSharp\Methods\Changes.xslt = Cobos.Codegen\Stylesheets\DataAdapter\CSharp\Methods\Changes.xslt
		Cobos.Codegen\Stylesheets\DataAdapter\CSharp\Methods\Delegates.xslt = Cobos.Codegen\Stylesheets\DataAdapter\CSharp\Methods\Delegates.xslt
		Cobos.Codegen\Stylesheets\DataAdapter\CSharp\Methods\Delete.xslt = Cobos.Codegen\Stylesheets\DataAdapter\CSharp\Methods\Delete.xslt
		Cobos.Codegen\Stylesheets\DataAdapter\CSharp\Methods\GetEntities.xslt = Cobos.Codegen\Stylesheets\DataAdapter\CSharp\Methods\GetEntities.xslt
		Cobos.Codegen\Stylesheets\DataAdapter\CSharp\Methods\Insert.xslt = Cobos.Codegen\Stylesheets\DataAdapter\CSharp\Methods\Insert.xslt
		Cobos.Codegen\Stylesheets\DataAdapter\CSharp\Methods\Load.xslt = Cobos.Codegen\Stylesheets\DataAdapter\CSharp\Methods\Load.xslt
		Cobos.Codegen\Stylesheets\DataAdapter\CSharp\Methods\Methods.inc = Cobos.Codegen\Stylesheets\DataAdapter\CSharp\Methods\Methods.inc
		Cobos.Codegen\Stylesheets\DataAdapter\CSharp\Methods\New.xslt = Cobos.Codegen\Stylesheets\DataAdapter\CSharp\Methods\New.xslt
		Cobos.Codegen\Stylesheets\DataAdapter\CSharp\Methods\Update.xslt = Cobos.Codegen\Stylesheets\DataAdapter\CSharp\Methods\Update.xslt
	EndProjectSection
EndProject
Project("{2150E333-8FDC-42A3-9474-1A3956D46DE8}") = "Examples", "Examples", "{000645CA-83CC-4285-8849-A68262D43989}"
	ProjectSection(SolutionItems) = preProject
		Cobos.Codegen\Examples\DataAdapter.xslt = Cobos.Codegen\Examples\DataAdapter.xslt
		Cobos.Codegen\Examples\DatabaseVariables.def = Cobos.Codegen\Examples\DatabaseVariables.def
		Cobos.Codegen\Examples\DataObject.xslt = Cobos.Codegen\Examples\DataObject.xslt
		Cobos.Codegen\Examples\DataSet.xslt = Cobos.Codegen\Examples\DataSet.xslt
		Cobos.Codegen\Examples\Process.xslt = Cobos.Codegen\Examples\Process.xslt
		Cobos.Codegen\Examples\Schema.xslt = Cobos.Codegen\Examples\Schema.xslt
	EndProjectSection
EndProject
Project("{FAE04EC0-301F-11D3-BF4B-00C04F79EFBC}") = "Cobos.Data.Adapters.x64 (NET35)", "Cobos.Data.Adapters.x64\NET35\Cobos.Data.Adapters.x64 (NET35).csproj", "{82A26C2B-B006-4C73-9999-A1CB22DFD2AE}"
EndProject
Project("{FAE04EC0-301F-11D3-BF4B-00C04F79EFBC}") = "Cobos.Data.Adapters.x86 (NET35)", "Cobos.Data.Adapters.x86\NET35\Cobos.Data.Adapters.x86 (NET35).csproj", "{93A5AC57-D60D-4D8D-B1C5-B0EFBAB5DD6B}"
EndProject
Global
	GlobalSection(SolutionConfigurationPlatforms) = preSolution
		Debug|Any CPU = Debug|Any CPU
		Debug|Mixed Platforms = Debug|Mixed Platforms
		Debug|x64 = Debug|x64
		Debug|x86 = Debug|x86
		Release|Any CPU = Release|Any CPU
		Release|Mixed Platforms = Release|Mixed Platforms
		Release|x64 = Release|x64
		Release|x86 = Release|x86
	EndGlobalSection
	GlobalSection(ProjectConfigurationPlatforms) = postSolution
		{97E05107-67B6-401E-B34F-9EFBEC81EB05}.Debug|Any CPU.ActiveCfg = Debug|Any CPU
		{97E05107-67B6-401E-B34F-9EFBEC81EB05}.Debug|Any CPU.Build.0 = Debug|Any CPU
		{97E05107-67B6-401E-B34F-9EFBEC81EB05}.Debug|Mixed Platforms.ActiveCfg = Debug|Any CPU
		{97E05107-67B6-401E-B34F-9EFBEC81EB05}.Debug|Mixed Platforms.Build.0 = Debug|Any CPU
		{97E05107-67B6-401E-B34F-9EFBEC81EB05}.Debug|x64.ActiveCfg = Debug|Any CPU
		{97E05107-67B6-401E-B34F-9EFBEC81EB05}.Debug|x86.ActiveCfg = Debug|Any CPU
		{97E05107-67B6-401E-B34F-9EFBEC81EB05}.Release|Any CPU.ActiveCfg = Release|Any CPU
		{97E05107-67B6-401E-B34F-9EFBEC81EB05}.Release|Any CPU.Build.0 = Release|Any CPU
		{97E05107-67B6-401E-B34F-9EFBEC81EB05}.Release|Mixed Platforms.ActiveCfg = Release|Any CPU
		{97E05107-67B6-401E-B34F-9EFBEC81EB05}.Release|Mixed Platforms.Build.0 = Release|Any CPU
		{97E05107-67B6-401E-B34F-9EFBEC81EB05}.Release|x64.ActiveCfg = Release|Any CPU
		{97E05107-67B6-401E-B34F-9EFBEC81EB05}.Release|x86.ActiveCfg = Release|Any CPU
		{3C92257A-8265-4787-B8CA-B8F70357F4B3}.Debug|Any CPU.ActiveCfg = Debug|Any CPU
		{3C92257A-8265-4787-B8CA-B8F70357F4B3}.Debug|Any CPU.Build.0 = Debug|Any CPU
		{3C92257A-8265-4787-B8CA-B8F70357F4B3}.Debug|Mixed Platforms.ActiveCfg = Debug|Any CPU
		{3C92257A-8265-4787-B8CA-B8F70357F4B3}.Debug|Mixed Platforms.Build.0 = Debug|Any CPU
		{3C92257A-8265-4787-B8CA-B8F70357F4B3}.Debug|x64.ActiveCfg = Debug|Any CPU
		{3C92257A-8265-4787-B8CA-B8F70357F4B3}.Debug|x86.ActiveCfg = Debug|Any CPU
		{3C92257A-8265-4787-B8CA-B8F70357F4B3}.Release|Any CPU.ActiveCfg = Release|Any CPU
		{3C92257A-8265-4787-B8CA-B8F70357F4B3}.Release|Any CPU.Build.0 = Release|Any CPU
		{3C92257A-8265-4787-B8CA-B8F70357F4B3}.Release|Mixed Platforms.ActiveCfg = Release|Any CPU
		{3C92257A-8265-4787-B8CA-B8F70357F4B3}.Release|Mixed Platforms.Build.0 = Release|Any CPU
		{3C92257A-8265-4787-B8CA-B8F70357F4B3}.Release|x64.ActiveCfg = Release|Any CPU
		{3C92257A-8265-4787-B8CA-B8F70357F4B3}.Release|x86.ActiveCfg = Release|Any CPU
		{582F9F9B-E6E8-4D7D-B5AD-AAE116C47029}.Debug|Any CPU.ActiveCfg = Debug|Any CPU
		{582F9F9B-E6E8-4D7D-B5AD-AAE116C47029}.Debug|Any CPU.Build.0 = Debug|Any CPU
		{582F9F9B-E6E8-4D7D-B5AD-AAE116C47029}.Debug|Mixed Platforms.ActiveCfg = Debug|Any CPU
		{582F9F9B-E6E8-4D7D-B5AD-AAE116C47029}.Debug|Mixed Platforms.Build.0 = Debug|Any CPU
		{582F9F9B-E6E8-4D7D-B5AD-AAE116C47029}.Debug|x64.ActiveCfg = Debug|Any CPU
		{582F9F9B-E6E8-4D7D-B5AD-AAE116C47029}.Debug|x86.ActiveCfg = Debug|Any CPU
		{582F9F9B-E6E8-4D7D-B5AD-AAE116C47029}.Release|Any CPU.ActiveCfg = Release|Any CPU
		{582F9F9B-E6E8-4D7D-B5AD-AAE116C47029}.Release|Any CPU.Build.0 = Release|Any CPU
		{582F9F9B-E6E8-4D7D-B5AD-AAE116C47029}.Release|Mixed Platforms.ActiveCfg = Release|Any CPU
		{582F9F9B-E6E8-4D7D-B5AD-AAE116C47029}.Release|Mixed Platforms.Build.0 = Release|Any CPU
		{582F9F9B-E6E8-4D7D-B5AD-AAE116C47029}.Release|x64.ActiveCfg = Release|Any CPU
		{582F9F9B-E6E8-4D7D-B5AD-AAE116C47029}.Release|x86.ActiveCfg = Release|Any CPU
		{F2609602-12E4-47FD-90FB-CC17526EC27B}.Debug|Any CPU.ActiveCfg = Debug|Any CPU
		{F2609602-12E4-47FD-90FB-CC17526EC27B}.Debug|Any CPU.Build.0 = Debug|Any CPU
		{F2609602-12E4-47FD-90FB-CC17526EC27B}.Debug|Mixed Platforms.ActiveCfg = Debug|Any CPU
		{F2609602-12E4-47FD-90FB-CC17526EC27B}.Debug|Mixed Platforms.Build.0 = Debug|Any CPU
		{F2609602-12E4-47FD-90FB-CC17526EC27B}.Debug|x64.ActiveCfg = Debug|Any CPU
		{F2609602-12E4-47FD-90FB-CC17526EC27B}.Debug|x86.ActiveCfg = Debug|Any CPU
		{F2609602-12E4-47FD-90FB-CC17526EC27B}.Release|Any CPU.ActiveCfg = Release|Any CPU
		{F2609602-12E4-47FD-90FB-CC17526EC27B}.Release|Any CPU.Build.0 = Release|Any CPU
		{F2609602-12E4-47FD-90FB-CC17526EC27B}.Release|Mixed Platforms.ActiveCfg = Release|Any CPU
		{F2609602-12E4-47FD-90FB-CC17526EC27B}.Release|Mixed Platforms.Build.0 = Release|Any CPU
		{F2609602-12E4-47FD-90FB-CC17526EC27B}.Release|x64.ActiveCfg = Release|Any CPU
		{F2609602-12E4-47FD-90FB-CC17526EC27B}.Release|x86.ActiveCfg = Release|Any CPU
		{68BF847D-36AF-42ED-8F98-68DA5C51D767}.Debug|Any CPU.ActiveCfg = Debug|Any CPU
		{68BF847D-36AF-42ED-8F98-68DA5C51D767}.Debug|Any CPU.Build.0 = Debug|Any CPU
		{68BF847D-36AF-42ED-8F98-68DA5C51D767}.Debug|Mixed Platforms.ActiveCfg = Debug|Any CPU
		{68BF847D-36AF-42ED-8F98-68DA5C51D767}.Debug|Mixed Platforms.Build.0 = Debug|Any CPU
		{68BF847D-36AF-42ED-8F98-68DA5C51D767}.Debug|x64.ActiveCfg = Debug|Any CPU
		{68BF847D-36AF-42ED-8F98-68DA5C51D767}.Debug|x86.ActiveCfg = Debug|Any CPU
		{68BF847D-36AF-42ED-8F98-68DA5C51D767}.Release|Any CPU.ActiveCfg = Release|Any CPU
		{68BF847D-36AF-42ED-8F98-68DA5C51D767}.Release|Any CPU.Build.0 = Release|Any CPU
		{68BF847D-36AF-42ED-8F98-68DA5C51D767}.Release|Mixed Platforms.ActiveCfg = Release|Any CPU
		{68BF847D-36AF-42ED-8F98-68DA5C51D767}.Release|Mixed Platforms.Build.0 = Release|Any CPU
		{68BF847D-36AF-42ED-8F98-68DA5C51D767}.Release|x64.ActiveCfg = Release|Any CPU
		{68BF847D-36AF-42ED-8F98-68DA5C51D767}.Release|x86.ActiveCfg = Release|Any CPU
		{C5F98FF0-E39E-41DD-A077-F30BE5E4BBC6}.Debug|Any CPU.ActiveCfg = Debug|Any CPU
		{C5F98FF0-E39E-41DD-A077-F30BE5E4BBC6}.Debug|Any CPU.Build.0 = Debug|Any CPU
		{C5F98FF0-E39E-41DD-A077-F30BE5E4BBC6}.Debug|Mixed Platforms.ActiveCfg = Debug|Any CPU
		{C5F98FF0-E39E-41DD-A077-F30BE5E4BBC6}.Debug|Mixed Platforms.Build.0 = Debug|Any CPU
		{C5F98FF0-E39E-41DD-A077-F30BE5E4BBC6}.Debug|x64.ActiveCfg = Debug|Any CPU
		{C5F98FF0-E39E-41DD-A077-F30BE5E4BBC6}.Debug|x86.ActiveCfg = Debug|Any CPU
		{C5F98FF0-E39E-41DD-A077-F30BE5E4BBC6}.Release|Any CPU.ActiveCfg = Release|Any CPU
		{C5F98FF0-E39E-41DD-A077-F30BE5E4BBC6}.Release|Any CPU.Build.0 = Release|Any CPU
		{C5F98FF0-E39E-41DD-A077-F30BE5E4BBC6}.Release|Mixed Platforms.ActiveCfg = Release|Any CPU
		{C5F98FF0-E39E-41DD-A077-F30BE5E4BBC6}.Release|Mixed Platforms.Build.0 = Release|Any CPU
		{C5F98FF0-E39E-41DD-A077-F30BE5E4BBC6}.Release|x64.ActiveCfg = Release|Any CPU
		{C5F98FF0-E39E-41DD-A077-F30BE5E4BBC6}.Release|x86.ActiveCfg = Release|Any CPU
		{E63897F1-8E05-44E4-A050-AD53029E6B7D}.Debug|Any CPU.ActiveCfg = Debug|Any CPU
		{E63897F1-8E05-44E4-A050-AD53029E6B7D}.Debug|Any CPU.Build.0 = Debug|Any CPU
		{E63897F1-8E05-44E4-A050-AD53029E6B7D}.Debug|Mixed Platforms.ActiveCfg = Debug|Any CPU
		{E63897F1-8E05-44E4-A050-AD53029E6B7D}.Debug|Mixed Platforms.Build.0 = Debug|Any CPU
		{E63897F1-8E05-44E4-A050-AD53029E6B7D}.Debug|x64.ActiveCfg = Debug|Any CPU
		{E63897F1-8E05-44E4-A050-AD53029E6B7D}.Debug|x86.ActiveCfg = Debug|Any CPU
		{E63897F1-8E05-44E4-A050-AD53029E6B7D}.Release|Any CPU.ActiveCfg = Release|Any CPU
		{E63897F1-8E05-44E4-A050-AD53029E6B7D}.Release|Any CPU.Build.0 = Release|Any CPU
		{E63897F1-8E05-44E4-A050-AD53029E6B7D}.Release|Mixed Platforms.ActiveCfg = Release|Any CPU
		{E63897F1-8E05-44E4-A050-AD53029E6B7D}.Release|Mixed Platforms.Build.0 = Release|Any CPU
		{E63897F1-8E05-44E4-A050-AD53029E6B7D}.Release|x64.ActiveCfg = Release|Any CPU
		{E63897F1-8E05-44E4-A050-AD53029E6B7D}.Release|x86.ActiveCfg = Release|Any CPU
		{3E4222B3-81D7-48CE-B810-0F64BFB19516}.Debug|Any CPU.ActiveCfg = Debug|Any CPU
		{3E4222B3-81D7-48CE-B810-0F64BFB19516}.Debug|Any CPU.Build.0 = Debug|Any CPU
		{3E4222B3-81D7-48CE-B810-0F64BFB19516}.Debug|Mixed Platforms.ActiveCfg = Debug|Any CPU
		{3E4222B3-81D7-48CE-B810-0F64BFB19516}.Debug|Mixed Platforms.Build.0 = Debug|Any CPU
		{3E4222B3-81D7-48CE-B810-0F64BFB19516}.Debug|x64.ActiveCfg = Debug|Any CPU
		{3E4222B3-81D7-48CE-B810-0F64BFB19516}.Debug|x86.ActiveCfg = Debug|Any CPU
		{3E4222B3-81D7-48CE-B810-0F64BFB19516}.Release|Any CPU.ActiveCfg = Release|Any CPU
		{3E4222B3-81D7-48CE-B810-0F64BFB19516}.Release|Any CPU.Build.0 = Release|Any CPU
		{3E4222B3-81D7-48CE-B810-0F64BFB19516}.Release|Mixed Platforms.ActiveCfg = Release|Any CPU
		{3E4222B3-81D7-48CE-B810-0F64BFB19516}.Release|Mixed Platforms.Build.0 = Release|Any CPU
		{3E4222B3-81D7-48CE-B810-0F64BFB19516}.Release|x64.ActiveCfg = Release|Any CPU
		{3E4222B3-81D7-48CE-B810-0F64BFB19516}.Release|x86.ActiveCfg = Release|Any CPU
		{F02E5BDF-CC9C-4D12-B86D-3DF6E9D4F2B7}.Debug|Any CPU.ActiveCfg = Debug|Any CPU
		{F02E5BDF-CC9C-4D12-B86D-3DF6E9D4F2B7}.Debug|Any CPU.Build.0 = Debug|Any CPU
		{F02E5BDF-CC9C-4D12-B86D-3DF6E9D4F2B7}.Debug|Mixed Platforms.ActiveCfg = Debug|Any CPU
		{F02E5BDF-CC9C-4D12-B86D-3DF6E9D4F2B7}.Debug|Mixed Platforms.Build.0 = Debug|Any CPU
		{F02E5BDF-CC9C-4D12-B86D-3DF6E9D4F2B7}.Debug|x64.ActiveCfg = Debug|Any CPU
		{F02E5BDF-CC9C-4D12-B86D-3DF6E9D4F2B7}.Debug|x86.ActiveCfg = Debug|Any CPU
		{F02E5BDF-CC9C-4D12-B86D-3DF6E9D4F2B7}.Release|Any CPU.ActiveCfg = Release|Any CPU
		{F02E5BDF-CC9C-4D12-B86D-3DF6E9D4F2B7}.Release|Any CPU.Build.0 = Release|Any CPU
		{F02E5BDF-CC9C-4D12-B86D-3DF6E9D4F2B7}.Release|Mixed Platforms.ActiveCfg = Release|Any CPU
		{F02E5BDF-CC9C-4D12-B86D-3DF6E9D4F2B7}.Release|Mixed Platforms.Build.0 = Release|Any CPU
		{F02E5BDF-CC9C-4D12-B86D-3DF6E9D4F2B7}.Release|x64.ActiveCfg = Release|Any CPU
		{F02E5BDF-CC9C-4D12-B86D-3DF6E9D4F2B7}.Release|x86.ActiveCfg = Release|Any CPU
		{FBB19ED0-C1E5-43D0-A54D-8A55D9B4F356}.Debug|Any CPU.ActiveCfg = Debug|Any CPU
		{FBB19ED0-C1E5-43D0-A54D-8A55D9B4F356}.Debug|Any CPU.Build.0 = Debug|Any CPU
		{FBB19ED0-C1E5-43D0-A54D-8A55D9B4F356}.Debug|Mixed Platforms.ActiveCfg = Debug|Any CPU
		{FBB19ED0-C1E5-43D0-A54D-8A55D9B4F356}.Debug|Mixed Platforms.Build.0 = Debug|Any CPU
		{FBB19ED0-C1E5-43D0-A54D-8A55D9B4F356}.Debug|x64.ActiveCfg = Debug|Any CPU
		{FBB19ED0-C1E5-43D0-A54D-8A55D9B4F356}.Debug|x86.ActiveCfg = Debug|Any CPU
		{FBB19ED0-C1E5-43D0-A54D-8A55D9B4F356}.Release|Any CPU.ActiveCfg = Release|Any CPU
		{FBB19ED0-C1E5-43D0-A54D-8A55D9B4F356}.Release|Any CPU.Build.0 = Release|Any CPU
		{FBB19ED0-C1E5-43D0-A54D-8A55D9B4F356}.Release|Any CPU.Deploy.0 = Release|Any CPU
		{FBB19ED0-C1E5-43D0-A54D-8A55D9B4F356}.Release|Mixed Platforms.ActiveCfg = Release|Any CPU
		{FBB19ED0-C1E5-43D0-A54D-8A55D9B4F356}.Release|Mixed Platforms.Build.0 = Release|Any CPU
		{FBB19ED0-C1E5-43D0-A54D-8A55D9B4F356}.Release|x64.ActiveCfg = Release|Any CPU
		{FBB19ED0-C1E5-43D0-A54D-8A55D9B4F356}.Release|x86.ActiveCfg = Release|Any CPU
		{90F7BC89-6D9F-4404-9E13-A14F52654D49}.Debug|Any CPU.ActiveCfg = Debug|Any CPU
		{90F7BC89-6D9F-4404-9E13-A14F52654D49}.Debug|Any CPU.Build.0 = Debug|Any CPU
		{90F7BC89-6D9F-4404-9E13-A14F52654D49}.Debug|Mixed Platforms.ActiveCfg = Debug|Any CPU
		{90F7BC89-6D9F-4404-9E13-A14F52654D49}.Debug|Mixed Platforms.Build.0 = Debug|Any CPU
		{90F7BC89-6D9F-4404-9E13-A14F52654D49}.Debug|x64.ActiveCfg = Debug|Any CPU
		{90F7BC89-6D9F-4404-9E13-A14F52654D49}.Debug|x86.ActiveCfg = Debug|Any CPU
		{90F7BC89-6D9F-4404-9E13-A14F52654D49}.Release|Any CPU.ActiveCfg = Release|Any CPU
		{90F7BC89-6D9F-4404-9E13-A14F52654D49}.Release|Any CPU.Build.0 = Release|Any CPU
		{90F7BC89-6D9F-4404-9E13-A14F52654D49}.Release|Mixed Platforms.ActiveCfg = Release|Any CPU
		{90F7BC89-6D9F-4404-9E13-A14F52654D49}.Release|Mixed Platforms.Build.0 = Release|Any CPU
		{90F7BC89-6D9F-4404-9E13-A14F52654D49}.Release|x64.ActiveCfg = Release|Any CPU
		{90F7BC89-6D9F-4404-9E13-A14F52654D49}.Release|x86.ActiveCfg = Release|Any CPU
		{82A26C2B-B006-4C73-9999-A1CB22DFD2AE}.Debug|Any CPU.ActiveCfg = Debug|x64
		{82A26C2B-B006-4C73-9999-A1CB22DFD2AE}.Debug|Mixed Platforms.ActiveCfg = Debug|x64
		{82A26C2B-B006-4C73-9999-A1CB22DFD2AE}.Debug|Mixed Platforms.Build.0 = Debug|x64
		{82A26C2B-B006-4C73-9999-A1CB22DFD2AE}.Debug|x64.ActiveCfg = Debug|x64
		{82A26C2B-B006-4C73-9999-A1CB22DFD2AE}.Debug|x64.Build.0 = Debug|x64
		{82A26C2B-B006-4C73-9999-A1CB22DFD2AE}.Debug|x86.ActiveCfg = Debug|x64
		{82A26C2B-B006-4C73-9999-A1CB22DFD2AE}.Release|Any CPU.ActiveCfg = Release|x64
		{82A26C2B-B006-4C73-9999-A1CB22DFD2AE}.Release|Mixed Platforms.ActiveCfg = Release|x64
		{82A26C2B-B006-4C73-9999-A1CB22DFD2AE}.Release|Mixed Platforms.Build.0 = Release|x64
		{82A26C2B-B006-4C73-9999-A1CB22DFD2AE}.Release|x64.ActiveCfg = Release|x64
		{82A26C2B-B006-4C73-9999-A1CB22DFD2AE}.Release|x64.Build.0 = Release|x64
		{82A26C2B-B006-4C73-9999-A1CB22DFD2AE}.Release|x86.ActiveCfg = Release|x64
		{93A5AC57-D60D-4D8D-B1C5-B0EFBAB5DD6B}.Debug|Any CPU.ActiveCfg = Debug|x86
		{93A5AC57-D60D-4D8D-B1C5-B0EFBAB5DD6B}.Debug|Mixed Platforms.ActiveCfg = Debug|x86
		{93A5AC57-D60D-4D8D-B1C5-B0EFBAB5DD6B}.Debug|Mixed Platforms.Build.0 = Debug|x86
		{93A5AC57-D60D-4D8D-B1C5-B0EFBAB5DD6B}.Debug|x64.ActiveCfg = Debug|x86
		{93A5AC57-D60D-4D8D-B1C5-B0EFBAB5DD6B}.Debug|x86.ActiveCfg = Debug|x86
		{93A5AC57-D60D-4D8D-B1C5-B0EFBAB5DD6B}.Debug|x86.Build.0 = Debug|x86
		{93A5AC57-D60D-4D8D-B1C5-B0EFBAB5DD6B}.Release|Any CPU.ActiveCfg = Release|x86
		{93A5AC57-D60D-4D8D-B1C5-B0EFBAB5DD6B}.Release|Mixed Platforms.ActiveCfg = Release|x86
		{93A5AC57-D60D-4D8D-B1C5-B0EFBAB5DD6B}.Release|Mixed Platforms.Build.0 = Release|x86
		{93A5AC57-D60D-4D8D-B1C5-B0EFBAB5DD6B}.Release|x64.ActiveCfg = Release|x86
		{93A5AC57-D60D-4D8D-B1C5-B0EFBAB5DD6B}.Release|x86.ActiveCfg = Release|x86
		{93A5AC57-D60D-4D8D-B1C5-B0EFBAB5DD6B}.Release|x86.Build.0 = Release|x86
	EndGlobalSection
	GlobalSection(SolutionProperties) = preSolution
		HideSolutionNode = FALSE
	EndGlobalSection
	GlobalSection(NestedProjects) = preSolution
		{6EDA8BED-1F3E-4A58-ADDB-A4096FC394DD} = {F563C737-98D0-42B5-B2FF-CC9143347784}
		{734596B3-3329-4336-B41D-A0804C78B745} = {F563C737-98D0-42B5-B2FF-CC9143347784}
		{B7F60FFC-70E9-419C-A7E9-055458CA5BBB} = {F563C737-98D0-42B5-B2FF-CC9143347784}
		{000645CA-83CC-4285-8849-A68262D43989} = {F563C737-98D0-42B5-B2FF-CC9143347784}
		{AA03B289-390E-4A38-93A7-B4E9856B769D} = {734596B3-3329-4336-B41D-A0804C78B745}
		{431A7087-1C7A-4C5E-8619-3FE737D0C75C} = {734596B3-3329-4336-B41D-A0804C78B745}
		{273790B0-BE8F-4F32-BEA9-78C50ADD1E23} = {734596B3-3329-4336-B41D-A0804C78B745}
		{B9C49C90-575E-4052-8102-79DB9B3A45AC} = {734596B3-3329-4336-B41D-A0804C78B745}
		{BED69449-CA17-49A5-BA94-6F44F66AC4C4} = {734596B3-3329-4336-B41D-A0804C78B745}
		{BD704BFB-F020-4AB5-9995-60F66CCBCEC3} = {B9C49C90-575E-4052-8102-79DB9B3A45AC}
		{AE258B1C-8C63-4BA3-8571-73BD2BBB939C} = {BED69449-CA17-49A5-BA94-6F44F66AC4C4}
		{F8E0053F-B9C2-457D-8BB7-5305AB9A3079} = {BD704BFB-F020-4AB5-9995-60F66CCBCEC3}
		{B8FC66D4-BA89-491A-8DF7-D1FCDBB74F8F} = {BD704BFB-F020-4AB5-9995-60F66CCBCEC3}
	EndGlobalSection
EndGlobal
